// !$*UTF8*$!
{
	archiveVersion = 1;
	classes = {
	};
	objectVersion = 50;
	objects = {

/* Begin PBXBuildFile section */
		6A05B10A26B179F100BF8DDA /* LoginService.swift in Sources */ = {isa = PBXBuildFile; fileRef = 6A05B10926B179F100BF8DDA /* LoginService.swift */; };
		6A05B10C26B1832300BF8DDA /* LoginModelTests.swift in Sources */ = {isa = PBXBuildFile; fileRef = 6A05B10B26B1832300BF8DDA /* LoginModelTests.swift */; };
		6A05B10F26B185C900BF8DDA /* SearchDepositViewControllerTests.swift in Sources */ = {isa = PBXBuildFile; fileRef = 6A05B10E26B185C900BF8DDA /* SearchDepositViewControllerTests.swift */; };
		6A2B89FD26B33A290070D80C /* LoginViewController.xib in Resources */ = {isa = PBXBuildFile; fileRef = 6A2B89FC26B33A290070D80C /* LoginViewController.xib */; };
		6A35D58926AFEFC50042BD85 /* SearchResultsController.swift in Sources */ = {isa = PBXBuildFile; fileRef = 6A35D58826AFEFC50042BD85 /* SearchResultsController.swift */; };
		6AD0977326B29F9100A46973 /* LoginWebServiceTests.swift in Sources */ = {isa = PBXBuildFile; fileRef = 6AD0977226B29F9100A46973 /* LoginWebServiceTests.swift */; };
		6AD0977526B2A38D00A46973 /* LoginResponseModel.swift in Sources */ = {isa = PBXBuildFile; fileRef = 6AD0977426B2A38D00A46973 /* LoginResponseModel.swift */; };
		6AD0977726B2A3EF00A46973 /* LoginError.swift in Sources */ = {isa = PBXBuildFile; fileRef = 6AD0977626B2A3EF00A46973 /* LoginError.swift */; };
		6ADC106526B16B9700A1D8E6 /* LoginViewController.swift in Sources */ = {isa = PBXBuildFile; fileRef = 6ADC106426B16B9700A1D8E6 /* LoginViewController.swift */; };
		6ADC106726B16C3C00A1D8E6 /* LoginViewModel.swift in Sources */ = {isa = PBXBuildFile; fileRef = 6ADC106626B16C3C00A1D8E6 /* LoginViewModel.swift */; };
		8726628526B0169800D8B2C8 /* Helper.swift in Sources */ = {isa = PBXBuildFile; fileRef = 8726628426B0169800D8B2C8 /* Helper.swift */; };
		8726630D26B1621F00D8B2C8 /* SnackBar.swift in Sources */ = {isa = PBXBuildFile; fileRef = 8726630C26B1621F00D8B2C8 /* SnackBar.swift */; };
		8726630F26B1635800D8B2C8 /* SnackBar+AlertView.swift in Sources */ = {isa = PBXBuildFile; fileRef = 8726630E26B1635800D8B2C8 /* SnackBar+AlertView.swift */; };
		8726631426B165B600D8B2C8 /* SnackBar+Builder.swift in Sources */ = {isa = PBXBuildFile; fileRef = 8726631326B165B600D8B2C8 /* SnackBar+Builder.swift */; };
		8726631626B1660700D8B2C8 /* BaseViewController.swift in Sources */ = {isa = PBXBuildFile; fileRef = 8726631526B1660700D8B2C8 /* BaseViewController.swift */; };
		8726631B26B1678400D8B2C8 /* DLVC+TableView.swift in Sources */ = {isa = PBXBuildFile; fileRef = 8726631A26B1678400D8B2C8 /* DLVC+TableView.swift */; };
		8726631D26B167E400D8B2C8 /* DLVC+UIBindings.swift in Sources */ = {isa = PBXBuildFile; fileRef = 8726631C26B167E400D8B2C8 /* DLVC+UIBindings.swift */; };
		8726631F26B1682C00D8B2C8 /* DLVC+SearchBar.swift in Sources */ = {isa = PBXBuildFile; fileRef = 8726631E26B1682C00D8B2C8 /* DLVC+SearchBar.swift */; };
		8726632126B16CFB00D8B2C8 /* ScanChequeViewController+States.swift in Sources */ = {isa = PBXBuildFile; fileRef = 8726632026B16CFB00D8B2C8 /* ScanChequeViewController+States.swift */; };
		8726632326B16D2D00D8B2C8 /* ScanChequeViewController+Delgates.swift in Sources */ = {isa = PBXBuildFile; fileRef = 8726632226B16D2D00D8B2C8 /* ScanChequeViewController+Delgates.swift */; };
		8726634926B17A8B00D8B2C8 /* Cache.swift in Sources */ = {isa = PBXBuildFile; fileRef = 8726634826B17A8B00D8B2C8 /* Cache.swift */; };
		8726636726B1C30C00D8B2C8 /* PaginationHelper.swift in Sources */ = {isa = PBXBuildFile; fileRef = 8726636626B1C30C00D8B2C8 /* PaginationHelper.swift */; };
		8726638126B1D45800D8B2C8 /* DLVC+Animations.swift in Sources */ = {isa = PBXBuildFile; fileRef = 8726638026B1D45800D8B2C8 /* DLVC+Animations.swift */; };
		8726638326B1D50700D8B2C8 /* DLVC+ScanChequeResponseDelegate.swift in Sources */ = {isa = PBXBuildFile; fileRef = 8726638226B1D50700D8B2C8 /* DLVC+ScanChequeResponseDelegate.swift */; };
		872B326226A49DD600BD80B8 /* Deposits.framework in Frameworks */ = {isa = PBXBuildFile; fileRef = 872B325826A49DD600BD80B8 /* Deposits.framework */; };
		872B326726A49DD600BD80B8 /* DepositsTests.swift in Sources */ = {isa = PBXBuildFile; fileRef = 872B326626A49DD600BD80B8 /* DepositsTests.swift */; };
		872B326926A49DD600BD80B8 /* Deposits.h in Headers */ = {isa = PBXBuildFile; fileRef = 872B325B26A49DD600BD80B8 /* Deposits.h */; settings = {ATTRIBUTES = (Public, ); }; };
		872B332626A4A15100BD80B8 /* DepositsTotalCell.xib in Resources */ = {isa = PBXBuildFile; fileRef = 872B332426A4A15100BD80B8 /* DepositsTotalCell.xib */; };
		872B332726A4A15100BD80B8 /* DepositsTotalCell.swift in Sources */ = {isa = PBXBuildFile; fileRef = 872B332526A4A15100BD80B8 /* DepositsTotalCell.swift */; };
		872B332B26A4A17900BD80B8 /* DepositTableViewCell.xib in Resources */ = {isa = PBXBuildFile; fileRef = 872B332926A4A17900BD80B8 /* DepositTableViewCell.xib */; };
		872B332C26A4A17900BD80B8 /* DepositTableViewCell.swift in Sources */ = {isa = PBXBuildFile; fileRef = 872B332A26A4A17900BD80B8 /* DepositTableViewCell.swift */; };
		872B333126A4A19000BD80B8 /* DepositError.swift in Sources */ = {isa = PBXBuildFile; fileRef = 872B332E26A4A19000BD80B8 /* DepositError.swift */; };
		872B333226A4A19000BD80B8 /* DepositModuleBuilder.swift in Sources */ = {isa = PBXBuildFile; fileRef = 872B332F26A4A19000BD80B8 /* DepositModuleBuilder.swift */; };
		872B333326A4A19000BD80B8 /* DepositModel.swift in Sources */ = {isa = PBXBuildFile; fileRef = 872B333026A4A19000BD80B8 /* DepositModel.swift */; };
		872B333726A4A1AD00BD80B8 /* ScanChequeViewController.swift in Sources */ = {isa = PBXBuildFile; fileRef = 872B333526A4A1AD00BD80B8 /* ScanChequeViewController.swift */; };
		872B333826A4A1AD00BD80B8 /* ScanChequeViewController.xib in Resources */ = {isa = PBXBuildFile; fileRef = 872B333626A4A1AD00BD80B8 /* ScanChequeViewController.xib */; };
		872B333C26A4A1CA00BD80B8 /* DepositListViewController.swift in Sources */ = {isa = PBXBuildFile; fileRef = 872B333A26A4A1CA00BD80B8 /* DepositListViewController.swift */; };
		872B333D26A4A1CA00BD80B8 /* DepositListViewController.xib in Resources */ = {isa = PBXBuildFile; fileRef = 872B333B26A4A1CA00BD80B8 /* DepositListViewController.xib */; };
		872B334126A4A1E200BD80B8 /* MockDepositList.swift in Sources */ = {isa = PBXBuildFile; fileRef = 872B333F26A4A1E200BD80B8 /* MockDepositList.swift */; };
		872B334226A4A1E200BD80B8 /* DepositListsService.swift in Sources */ = {isa = PBXBuildFile; fileRef = 872B334026A4A1E200BD80B8 /* DepositListsService.swift */; };
		872B334726A4A1F200BD80B8 /* DepositViewModel.swift in Sources */ = {isa = PBXBuildFile; fileRef = 872B334426A4A1F100BD80B8 /* DepositViewModel.swift */; };
		872B334826A4A1F200BD80B8 /* ScanChequeViewModel.swift in Sources */ = {isa = PBXBuildFile; fileRef = 872B334526A4A1F100BD80B8 /* ScanChequeViewModel.swift */; };
		872B334926A4A1F200BD80B8 /* DepositsListViewModel.swift in Sources */ = {isa = PBXBuildFile; fileRef = 872B334626A4A1F200BD80B8 /* DepositsListViewModel.swift */; };
		872B335A26A4A4A600BD80B8 /* ChequImageView.swift in Sources */ = {isa = PBXBuildFile; fileRef = 872B335926A4A4A600BD80B8 /* ChequImageView.swift */; };
		872B335F26A53B1500BD80B8 /* NetworkClient.swift in Sources */ = {isa = PBXBuildFile; fileRef = 872B335E26A53B1500BD80B8 /* NetworkClient.swift */; };
		872B336126A5468600BD80B8 /* ServiceRequestMethod.swift in Sources */ = {isa = PBXBuildFile; fileRef = 872B336026A5468600BD80B8 /* ServiceRequestMethod.swift */; };
		872B336326A5469600BD80B8 /* ServiceRequest.swift in Sources */ = {isa = PBXBuildFile; fileRef = 872B336226A5469600BD80B8 /* ServiceRequest.swift */; };
		872B336526A546DB00BD80B8 /* NetworkClientError.swift in Sources */ = {isa = PBXBuildFile; fileRef = 872B336426A546DB00BD80B8 /* NetworkClientError.swift */; };
		872B336726A546F100BD80B8 /* Environment.swift in Sources */ = {isa = PBXBuildFile; fileRef = 872B336626A546F100BD80B8 /* Environment.swift */; };
		872B336926A5471C00BD80B8 /* URLRequest.swift in Sources */ = {isa = PBXBuildFile; fileRef = 872B336826A5471C00BD80B8 /* URLRequest.swift */; };
		872B336B26A5472D00BD80B8 /* URLSessionProtocol.swift in Sources */ = {isa = PBXBuildFile; fileRef = 872B336A26A5472D00BD80B8 /* URLSessionProtocol.swift */; };
		872B337926A558F900BD80B8 /* DepositCheuqueService.swift in Sources */ = {isa = PBXBuildFile; fileRef = 872B337826A558F900BD80B8 /* DepositCheuqueService.swift */; };
		872B33C126A5A0D000BD80B8 /* ChequeScannerVC.swift in Sources */ = {isa = PBXBuildFile; fileRef = 872B33C026A5A0D000BD80B8 /* ChequeScannerVC.swift */; };
		8762478526A6DCDA004CD6AE /* CameraView.swift in Sources */ = {isa = PBXBuildFile; fileRef = 8762478426A6DCDA004CD6AE /* CameraView.swift */; };
		8762478726A6DCE6004CD6AE /* ImageRatio.swift in Sources */ = {isa = PBXBuildFile; fileRef = 8762478626A6DCE6004CD6AE /* ImageRatio.swift */; };
		8762478926A6DD1F004CD6AE /* ChequeSide.swift in Sources */ = {isa = PBXBuildFile; fileRef = 8762478826A6DD1F004CD6AE /* ChequeSide.swift */; };
		87B6BF6A26A7E77500870B5C /* deposits_list.json in Resources */ = {isa = PBXBuildFile; fileRef = 87B6BF6926A7E77500870B5C /* deposits_list.json */; };
		87B6BF6C26A7E7EC00870B5C /* ServiceBuildable.swift in Sources */ = {isa = PBXBuildFile; fileRef = 87B6BF6B26A7E7EC00870B5C /* ServiceBuildable.swift */; };
		87B6BF6E26A7E8CA00870B5C /* MockURLSession.swift in Sources */ = {isa = PBXBuildFile; fileRef = 87B6BF6D26A7E8CA00870B5C /* MockURLSession.swift */; };
		87B6BF7226A7FDA200870B5C /* DepositChequeRequest.swift in Sources */ = {isa = PBXBuildFile; fileRef = 87B6BF7126A7FDA200870B5C /* DepositChequeRequest.swift */; };
		87B6BF7426A7FDB900870B5C /* DepositListRequest.swift in Sources */ = {isa = PBXBuildFile; fileRef = 87B6BF7326A7FDB900870B5C /* DepositListRequest.swift */; };
		87B6BFA026A83C2E00870B5C /* DepositViewModelTests.swift in Sources */ = {isa = PBXBuildFile; fileRef = 87B6BF9F26A83C2E00870B5C /* DepositViewModelTests.swift */; };
		87B6BFA226A8453700870B5C /* DepositsListServiceTests.swift in Sources */ = {isa = PBXBuildFile; fileRef = 87B6BFA126A8453700870B5C /* DepositsListServiceTests.swift */; };
		87B6BFAC26A9846D00870B5C /* DepositListTableViewDataSource.swift in Sources */ = {isa = PBXBuildFile; fileRef = 87B6BFAB26A9846D00870B5C /* DepositListTableViewDataSource.swift */; };
		87B6BFB226AAB1B400870B5C /* ServiceRequestTests.swift in Sources */ = {isa = PBXBuildFile; fileRef = 87B6BFB126AAB1B400870B5C /* ServiceRequestTests.swift */; };
		87B6BFB426AABD7200870B5C /* MockNeworkServiceBuildableTest.swift in Sources */ = {isa = PBXBuildFile; fileRef = 87B6BFB326AABD7200870B5C /* MockNeworkServiceBuildableTest.swift */; };
		87B6BFB826AAC62200870B5C /* MockEnv.swift in Sources */ = {isa = PBXBuildFile; fileRef = 87B6BFB726AAC62200870B5C /* MockEnv.swift */; };
		87B6BFBA26AAD56600870B5C /* DepositChequeServiceTests.swift in Sources */ = {isa = PBXBuildFile; fileRef = 87B6BFB926AAD56600870B5C /* DepositChequeServiceTests.swift */; };
		87B6BFBC26AADBC400870B5C /* ScanChequeViewModelTest.swift in Sources */ = {isa = PBXBuildFile; fileRef = 87B6BFBB26AADBC400870B5C /* ScanChequeViewModelTest.swift */; };
		87B6BFBE26AADBE600870B5C /* MockNeworkService.swift in Sources */ = {isa = PBXBuildFile; fileRef = 87B6BFBD26AADBE600870B5C /* MockNeworkService.swift */; };
		87B6BFC026AAE8A200870B5C /* DepositListTableViewDataSourceTests.swift in Sources */ = {isa = PBXBuildFile; fileRef = 87B6BFBF26AAE8A200870B5C /* DepositListTableViewDataSourceTests.swift */; };
		87B6BFC226AAED0700870B5C /* NetworkClientTests.swift in Sources */ = {isa = PBXBuildFile; fileRef = 87B6BFC126AAED0700870B5C /* NetworkClientTests.swift */; };
		87B6BFC426AAEEB400870B5C /* MockService.swift in Sources */ = {isa = PBXBuildFile; fileRef = 87B6BFC326AAEEB400870B5C /* MockService.swift */; };
		87BBD2F326AED219005637E6 /* DepositListViewModelTest.swift in Sources */ = {isa = PBXBuildFile; fileRef = 87BBD2F226AED219005637E6 /* DepositListViewModelTest.swift */; };
		87BBD2F726AEE580005637E6 /* MockDepositsListService.swift in Sources */ = {isa = PBXBuildFile; fileRef = 87BBD2F626AEE580005637E6 /* MockDepositsListService.swift */; };
/* End PBXBuildFile section */

/* Begin PBXContainerItemProxy section */
		872B326326A49DD600BD80B8 /* PBXContainerItemProxy */ = {
			isa = PBXContainerItemProxy;
			containerPortal = 872B324F26A49DD600BD80B8 /* Project object */;
			proxyType = 1;
			remoteGlobalIDString = 872B325726A49DD600BD80B8;
			remoteInfo = Deposits;
		};
/* End PBXContainerItemProxy section */

/* Begin PBXFileReference section */
		6A05B10926B179F100BF8DDA /* LoginService.swift */ = {isa = PBXFileReference; lastKnownFileType = sourcecode.swift; path = LoginService.swift; sourceTree = "<group>"; };
		6A05B10B26B1832300BF8DDA /* LoginModelTests.swift */ = {isa = PBXFileReference; lastKnownFileType = sourcecode.swift; path = LoginModelTests.swift; sourceTree = "<group>"; };
		6A05B10E26B185C900BF8DDA /* SearchDepositViewControllerTests.swift */ = {isa = PBXFileReference; lastKnownFileType = sourcecode.swift; path = SearchDepositViewControllerTests.swift; sourceTree = "<group>"; };
		6A2B89FC26B33A290070D80C /* LoginViewController.xib */ = {isa = PBXFileReference; lastKnownFileType = file.xib; path = LoginViewController.xib; sourceTree = "<group>"; };
		6A35D58826AFEFC50042BD85 /* SearchResultsController.swift */ = {isa = PBXFileReference; lastKnownFileType = sourcecode.swift; path = SearchResultsController.swift; sourceTree = "<group>"; };
		6AD0977226B29F9100A46973 /* LoginWebServiceTests.swift */ = {isa = PBXFileReference; lastKnownFileType = sourcecode.swift; path = LoginWebServiceTests.swift; sourceTree = "<group>"; };
		6AD0977426B2A38D00A46973 /* LoginResponseModel.swift */ = {isa = PBXFileReference; lastKnownFileType = sourcecode.swift; path = LoginResponseModel.swift; sourceTree = "<group>"; };
		6AD0977626B2A3EF00A46973 /* LoginError.swift */ = {isa = PBXFileReference; lastKnownFileType = sourcecode.swift; path = LoginError.swift; sourceTree = "<group>"; };
		6ADC106426B16B9700A1D8E6 /* LoginViewController.swift */ = {isa = PBXFileReference; fileEncoding = 4; lastKnownFileType = sourcecode.swift; path = LoginViewController.swift; sourceTree = "<group>"; };
		6ADC106626B16C3C00A1D8E6 /* LoginViewModel.swift */ = {isa = PBXFileReference; lastKnownFileType = sourcecode.swift; path = LoginViewModel.swift; sourceTree = "<group>"; };
		8726628426B0169800D8B2C8 /* Helper.swift */ = {isa = PBXFileReference; lastKnownFileType = sourcecode.swift; path = Helper.swift; sourceTree = "<group>"; };
		8726630C26B1621F00D8B2C8 /* SnackBar.swift */ = {isa = PBXFileReference; lastKnownFileType = sourcecode.swift; path = SnackBar.swift; sourceTree = "<group>"; };
		8726630E26B1635800D8B2C8 /* SnackBar+AlertView.swift */ = {isa = PBXFileReference; lastKnownFileType = sourcecode.swift; path = "SnackBar+AlertView.swift"; sourceTree = "<group>"; };
		8726631326B165B600D8B2C8 /* SnackBar+Builder.swift */ = {isa = PBXFileReference; lastKnownFileType = sourcecode.swift; path = "SnackBar+Builder.swift"; sourceTree = "<group>"; };
		8726631526B1660700D8B2C8 /* BaseViewController.swift */ = {isa = PBXFileReference; lastKnownFileType = sourcecode.swift; path = BaseViewController.swift; sourceTree = "<group>"; };
		8726631A26B1678400D8B2C8 /* DLVC+TableView.swift */ = {isa = PBXFileReference; lastKnownFileType = sourcecode.swift; path = "DLVC+TableView.swift"; sourceTree = "<group>"; };
		8726631C26B167E400D8B2C8 /* DLVC+UIBindings.swift */ = {isa = PBXFileReference; lastKnownFileType = sourcecode.swift; path = "DLVC+UIBindings.swift"; sourceTree = "<group>"; };
		8726631E26B1682C00D8B2C8 /* DLVC+SearchBar.swift */ = {isa = PBXFileReference; lastKnownFileType = sourcecode.swift; path = "DLVC+SearchBar.swift"; sourceTree = "<group>"; };
		8726632026B16CFB00D8B2C8 /* ScanChequeViewController+States.swift */ = {isa = PBXFileReference; lastKnownFileType = sourcecode.swift; path = "ScanChequeViewController+States.swift"; sourceTree = "<group>"; };
		8726632226B16D2D00D8B2C8 /* ScanChequeViewController+Delgates.swift */ = {isa = PBXFileReference; lastKnownFileType = sourcecode.swift; path = "ScanChequeViewController+Delgates.swift"; sourceTree = "<group>"; };
		8726634826B17A8B00D8B2C8 /* Cache.swift */ = {isa = PBXFileReference; lastKnownFileType = sourcecode.swift; path = Cache.swift; sourceTree = "<group>"; };
		8726636626B1C30C00D8B2C8 /* PaginationHelper.swift */ = {isa = PBXFileReference; lastKnownFileType = sourcecode.swift; path = PaginationHelper.swift; sourceTree = "<group>"; };
		8726638026B1D45800D8B2C8 /* DLVC+Animations.swift */ = {isa = PBXFileReference; lastKnownFileType = sourcecode.swift; path = "DLVC+Animations.swift"; sourceTree = "<group>"; };
		8726638226B1D50700D8B2C8 /* DLVC+ScanChequeResponseDelegate.swift */ = {isa = PBXFileReference; lastKnownFileType = sourcecode.swift; path = "DLVC+ScanChequeResponseDelegate.swift"; sourceTree = "<group>"; };
		872B325826A49DD600BD80B8 /* Deposits.framework */ = {isa = PBXFileReference; explicitFileType = wrapper.framework; includeInIndex = 0; path = Deposits.framework; sourceTree = BUILT_PRODUCTS_DIR; };
		872B325B26A49DD600BD80B8 /* Deposits.h */ = {isa = PBXFileReference; lastKnownFileType = sourcecode.c.h; path = Deposits.h; sourceTree = "<group>"; };
		872B325C26A49DD600BD80B8 /* Info.plist */ = {isa = PBXFileReference; lastKnownFileType = text.plist.xml; path = Info.plist; sourceTree = "<group>"; };
		872B326126A49DD600BD80B8 /* DepositsTests.xctest */ = {isa = PBXFileReference; explicitFileType = wrapper.cfbundle; includeInIndex = 0; path = DepositsTests.xctest; sourceTree = BUILT_PRODUCTS_DIR; };
		872B326626A49DD600BD80B8 /* DepositsTests.swift */ = {isa = PBXFileReference; lastKnownFileType = sourcecode.swift; path = DepositsTests.swift; sourceTree = "<group>"; };
		872B326826A49DD600BD80B8 /* Info.plist */ = {isa = PBXFileReference; lastKnownFileType = text.plist.xml; path = Info.plist; sourceTree = "<group>"; };
		872B332426A4A15100BD80B8 /* DepositsTotalCell.xib */ = {isa = PBXFileReference; fileEncoding = 4; lastKnownFileType = file.xib; path = DepositsTotalCell.xib; sourceTree = "<group>"; };
		872B332526A4A15100BD80B8 /* DepositsTotalCell.swift */ = {isa = PBXFileReference; fileEncoding = 4; lastKnownFileType = sourcecode.swift; path = DepositsTotalCell.swift; sourceTree = "<group>"; };
		872B332926A4A17900BD80B8 /* DepositTableViewCell.xib */ = {isa = PBXFileReference; fileEncoding = 4; lastKnownFileType = file.xib; path = DepositTableViewCell.xib; sourceTree = "<group>"; };
		872B332A26A4A17900BD80B8 /* DepositTableViewCell.swift */ = {isa = PBXFileReference; fileEncoding = 4; lastKnownFileType = sourcecode.swift; path = DepositTableViewCell.swift; sourceTree = "<group>"; };
		872B332E26A4A19000BD80B8 /* DepositError.swift */ = {isa = PBXFileReference; fileEncoding = 4; lastKnownFileType = sourcecode.swift; path = DepositError.swift; sourceTree = "<group>"; };
		872B332F26A4A19000BD80B8 /* DepositModuleBuilder.swift */ = {isa = PBXFileReference; fileEncoding = 4; lastKnownFileType = sourcecode.swift; path = DepositModuleBuilder.swift; sourceTree = "<group>"; };
		872B333026A4A19000BD80B8 /* DepositModel.swift */ = {isa = PBXFileReference; fileEncoding = 4; lastKnownFileType = sourcecode.swift; path = DepositModel.swift; sourceTree = "<group>"; };
		872B333526A4A1AD00BD80B8 /* ScanChequeViewController.swift */ = {isa = PBXFileReference; fileEncoding = 4; lastKnownFileType = sourcecode.swift; path = ScanChequeViewController.swift; sourceTree = "<group>"; };
		872B333626A4A1AD00BD80B8 /* ScanChequeViewController.xib */ = {isa = PBXFileReference; fileEncoding = 4; lastKnownFileType = file.xib; path = ScanChequeViewController.xib; sourceTree = "<group>"; };
		872B333A26A4A1CA00BD80B8 /* DepositListViewController.swift */ = {isa = PBXFileReference; fileEncoding = 4; lastKnownFileType = sourcecode.swift; path = DepositListViewController.swift; sourceTree = "<group>"; };
		872B333B26A4A1CA00BD80B8 /* DepositListViewController.xib */ = {isa = PBXFileReference; fileEncoding = 4; lastKnownFileType = file.xib; path = DepositListViewController.xib; sourceTree = "<group>"; };
		872B333F26A4A1E200BD80B8 /* MockDepositList.swift */ = {isa = PBXFileReference; fileEncoding = 4; lastKnownFileType = sourcecode.swift; path = MockDepositList.swift; sourceTree = "<group>"; };
		872B334026A4A1E200BD80B8 /* DepositListsService.swift */ = {isa = PBXFileReference; fileEncoding = 4; lastKnownFileType = sourcecode.swift; path = DepositListsService.swift; sourceTree = "<group>"; };
		872B334426A4A1F100BD80B8 /* DepositViewModel.swift */ = {isa = PBXFileReference; fileEncoding = 4; lastKnownFileType = sourcecode.swift; path = DepositViewModel.swift; sourceTree = "<group>"; };
		872B334526A4A1F100BD80B8 /* ScanChequeViewModel.swift */ = {isa = PBXFileReference; fileEncoding = 4; lastKnownFileType = sourcecode.swift; path = ScanChequeViewModel.swift; sourceTree = "<group>"; };
		872B334626A4A1F200BD80B8 /* DepositsListViewModel.swift */ = {isa = PBXFileReference; fileEncoding = 4; lastKnownFileType = sourcecode.swift; path = DepositsListViewModel.swift; sourceTree = "<group>"; };
		872B335926A4A4A600BD80B8 /* ChequImageView.swift */ = {isa = PBXFileReference; lastKnownFileType = sourcecode.swift; path = ChequImageView.swift; sourceTree = "<group>"; };
		872B335E26A53B1500BD80B8 /* NetworkClient.swift */ = {isa = PBXFileReference; lastKnownFileType = sourcecode.swift; path = NetworkClient.swift; sourceTree = "<group>"; };
		872B336026A5468600BD80B8 /* ServiceRequestMethod.swift */ = {isa = PBXFileReference; lastKnownFileType = sourcecode.swift; path = ServiceRequestMethod.swift; sourceTree = "<group>"; };
		872B336226A5469600BD80B8 /* ServiceRequest.swift */ = {isa = PBXFileReference; lastKnownFileType = sourcecode.swift; path = ServiceRequest.swift; sourceTree = "<group>"; };
		872B336426A546DB00BD80B8 /* NetworkClientError.swift */ = {isa = PBXFileReference; lastKnownFileType = sourcecode.swift; path = NetworkClientError.swift; sourceTree = "<group>"; };
		872B336626A546F100BD80B8 /* Environment.swift */ = {isa = PBXFileReference; lastKnownFileType = sourcecode.swift; path = Environment.swift; sourceTree = "<group>"; };
		872B336826A5471C00BD80B8 /* URLRequest.swift */ = {isa = PBXFileReference; lastKnownFileType = sourcecode.swift; path = URLRequest.swift; sourceTree = "<group>"; };
		872B336A26A5472D00BD80B8 /* URLSessionProtocol.swift */ = {isa = PBXFileReference; lastKnownFileType = sourcecode.swift; path = URLSessionProtocol.swift; sourceTree = "<group>"; };
		872B337826A558F900BD80B8 /* DepositCheuqueService.swift */ = {isa = PBXFileReference; lastKnownFileType = sourcecode.swift; path = DepositCheuqueService.swift; sourceTree = "<group>"; };
		872B33C026A5A0D000BD80B8 /* ChequeScannerVC.swift */ = {isa = PBXFileReference; lastKnownFileType = sourcecode.swift; path = ChequeScannerVC.swift; sourceTree = "<group>"; };
		8762478426A6DCDA004CD6AE /* CameraView.swift */ = {isa = PBXFileReference; fileEncoding = 4; lastKnownFileType = sourcecode.swift; path = CameraView.swift; sourceTree = "<group>"; };
		8762478626A6DCE6004CD6AE /* ImageRatio.swift */ = {isa = PBXFileReference; fileEncoding = 4; lastKnownFileType = sourcecode.swift; path = ImageRatio.swift; sourceTree = "<group>"; };
		8762478826A6DD1F004CD6AE /* ChequeSide.swift */ = {isa = PBXFileReference; lastKnownFileType = sourcecode.swift; path = ChequeSide.swift; sourceTree = "<group>"; };
		87B6BF6926A7E77500870B5C /* deposits_list.json */ = {isa = PBXFileReference; fileEncoding = 4; lastKnownFileType = text.json; path = deposits_list.json; sourceTree = "<group>"; };
		87B6BF6B26A7E7EC00870B5C /* ServiceBuildable.swift */ = {isa = PBXFileReference; lastKnownFileType = sourcecode.swift; path = ServiceBuildable.swift; sourceTree = "<group>"; };
		87B6BF6D26A7E8CA00870B5C /* MockURLSession.swift */ = {isa = PBXFileReference; lastKnownFileType = sourcecode.swift; path = MockURLSession.swift; sourceTree = "<group>"; };
		87B6BF7126A7FDA200870B5C /* DepositChequeRequest.swift */ = {isa = PBXFileReference; lastKnownFileType = sourcecode.swift; path = DepositChequeRequest.swift; sourceTree = "<group>"; };
		87B6BF7326A7FDB900870B5C /* DepositListRequest.swift */ = {isa = PBXFileReference; lastKnownFileType = sourcecode.swift; path = DepositListRequest.swift; sourceTree = "<group>"; };
		87B6BF9F26A83C2E00870B5C /* DepositViewModelTests.swift */ = {isa = PBXFileReference; lastKnownFileType = sourcecode.swift; path = DepositViewModelTests.swift; sourceTree = "<group>"; };
		87B6BFA126A8453700870B5C /* DepositsListServiceTests.swift */ = {isa = PBXFileReference; lastKnownFileType = sourcecode.swift; path = DepositsListServiceTests.swift; sourceTree = "<group>"; };
		87B6BFAB26A9846D00870B5C /* DepositListTableViewDataSource.swift */ = {isa = PBXFileReference; lastKnownFileType = sourcecode.swift; path = DepositListTableViewDataSource.swift; sourceTree = "<group>"; };
		87B6BFB126AAB1B400870B5C /* ServiceRequestTests.swift */ = {isa = PBXFileReference; lastKnownFileType = sourcecode.swift; path = ServiceRequestTests.swift; sourceTree = "<group>"; };
		87B6BFB326AABD7200870B5C /* MockNeworkServiceBuildableTest.swift */ = {isa = PBXFileReference; lastKnownFileType = sourcecode.swift; path = MockNeworkServiceBuildableTest.swift; sourceTree = "<group>"; };
		87B6BFB726AAC62200870B5C /* MockEnv.swift */ = {isa = PBXFileReference; lastKnownFileType = sourcecode.swift; path = MockEnv.swift; sourceTree = "<group>"; };
		87B6BFB926AAD56600870B5C /* DepositChequeServiceTests.swift */ = {isa = PBXFileReference; lastKnownFileType = sourcecode.swift; path = DepositChequeServiceTests.swift; sourceTree = "<group>"; };
		87B6BFBB26AADBC400870B5C /* ScanChequeViewModelTest.swift */ = {isa = PBXFileReference; lastKnownFileType = sourcecode.swift; path = ScanChequeViewModelTest.swift; sourceTree = "<group>"; };
		87B6BFBD26AADBE600870B5C /* MockNeworkService.swift */ = {isa = PBXFileReference; lastKnownFileType = sourcecode.swift; path = MockNeworkService.swift; sourceTree = "<group>"; };
		87B6BFBF26AAE8A200870B5C /* DepositListTableViewDataSourceTests.swift */ = {isa = PBXFileReference; lastKnownFileType = sourcecode.swift; path = DepositListTableViewDataSourceTests.swift; sourceTree = "<group>"; };
		87B6BFC126AAED0700870B5C /* NetworkClientTests.swift */ = {isa = PBXFileReference; lastKnownFileType = sourcecode.swift; path = NetworkClientTests.swift; sourceTree = "<group>"; };
		87B6BFC326AAEEB400870B5C /* MockService.swift */ = {isa = PBXFileReference; lastKnownFileType = sourcecode.swift; path = MockService.swift; sourceTree = "<group>"; };
		87BBD2F226AED219005637E6 /* DepositListViewModelTest.swift */ = {isa = PBXFileReference; lastKnownFileType = sourcecode.swift; path = DepositListViewModelTest.swift; sourceTree = "<group>"; };
		87BBD2F626AEE580005637E6 /* MockDepositsListService.swift */ = {isa = PBXFileReference; lastKnownFileType = sourcecode.swift; path = MockDepositsListService.swift; sourceTree = "<group>"; };
/* End PBXFileReference section */

/* Begin PBXFrameworksBuildPhase section */
		872B325526A49DD600BD80B8 /* Frameworks */ = {
			isa = PBXFrameworksBuildPhase;
			buildActionMask = 2147483647;
			files = (
			);
			runOnlyForDeploymentPostprocessing = 0;
		};
		872B325E26A49DD600BD80B8 /* Frameworks */ = {
			isa = PBXFrameworksBuildPhase;
			buildActionMask = 2147483647;
			files = (
				872B326226A49DD600BD80B8 /* Deposits.framework in Frameworks */,
			);
			runOnlyForDeploymentPostprocessing = 0;
		};
/* End PBXFrameworksBuildPhase section */

/* Begin PBXGroup section */
		6A05B10D26B1834200BF8DDA /* LoginTests */ = {
			isa = PBXGroup;
			children = (
				6A05B10B26B1832300BF8DDA /* LoginModelTests.swift */,
				6AD0977226B29F9100A46973 /* LoginWebServiceTests.swift */,
			);
			name = LoginTests;
			sourceTree = "<group>";
		};
		6ADC106226B16B4E00A1D8E6 /* Login */ = {
			isa = PBXGroup;
			children = (
				6ADC106326B16B7A00A1D8E6 /* Controllers */,
				6ADC106826B16C4400A1D8E6 /* ViewModel */,
			);
			name = Login;
			sourceTree = "<group>";
		};
		6ADC106326B16B7A00A1D8E6 /* Controllers */ = {
			isa = PBXGroup;
			children = (
				6ADC106426B16B9700A1D8E6 /* LoginViewController.swift */,
				6A2B89FC26B33A290070D80C /* LoginViewController.xib */,
			);
			path = Controllers;
			sourceTree = "<group>";
		};
		6ADC106826B16C4400A1D8E6 /* ViewModel */ = {
			isa = PBXGroup;
			children = (
				6ADC106626B16C3C00A1D8E6 /* LoginViewModel.swift */,
			);
			path = ViewModel;
		8726631226B1640400D8B2C8 /* SnackBar */ = {
			isa = PBXGroup;
			children = (
				8726630C26B1621F00D8B2C8 /* SnackBar.swift */,
				8726631326B165B600D8B2C8 /* SnackBar+Builder.swift */,
				8726630E26B1635800D8B2C8 /* SnackBar+AlertView.swift */,
			);
			path = SnackBar;
			sourceTree = "<group>";
		};
		8726631726B1668900D8B2C8 /* Supporting Files */ = {
			isa = PBXGroup;
			children = (
				8726631826B166E600D8B2C8 /* ViewHelper */,
				872B332F26A4A19000BD80B8 /* DepositModuleBuilder.swift */,
				8726628426B0169800D8B2C8 /* Helper.swift */,
			);
			path = "Supporting Files";
			sourceTree = "<group>";
		};
		8726631826B166E600D8B2C8 /* ViewHelper */ = {
			isa = PBXGroup;
			children = (
				8726631526B1660700D8B2C8 /* BaseViewController.swift */,
				8726631226B1640400D8B2C8 /* SnackBar */,
				872B33B926A5984100BD80B8 /* SBChequeScan */,
				8726636626B1C30C00D8B2C8 /* PaginationHelper.swift */,
			);
			path = ViewHelper;
			sourceTree = "<group>";
		};
		8726631926B1672C00D8B2C8 /* DepositListViewController */ = {
			isa = PBXGroup;
			children = (
				872B333A26A4A1CA00BD80B8 /* DepositListViewController.swift */,
				872B333B26A4A1CA00BD80B8 /* DepositListViewController.xib */,
				8726638226B1D50700D8B2C8 /* DLVC+ScanChequeResponseDelegate.swift */,
				8726638026B1D45800D8B2C8 /* DLVC+Animations.swift */,
				8726631E26B1682C00D8B2C8 /* DLVC+SearchBar.swift */,
				8726631C26B167E400D8B2C8 /* DLVC+UIBindings.swift */,
				8726631A26B1678400D8B2C8 /* DLVC+TableView.swift */,
			);
			path = DepositListViewController;
			sourceTree = "<group>";
		};
		872B324E26A49DD600BD80B8 = {
			isa = PBXGroup;
			children = (
				872B325A26A49DD600BD80B8 /* Deposits */,
				872B326526A49DD600BD80B8 /* DepositsTests */,
				6A05B10D26B1834200BF8DDA /* LoginTests */,
				872B325926A49DD600BD80B8 /* Products */,
			);
			sourceTree = "<group>";
		};
		872B325926A49DD600BD80B8 /* Products */ = {
			isa = PBXGroup;
			children = (
				872B325826A49DD600BD80B8 /* Deposits.framework */,
				872B326126A49DD600BD80B8 /* DepositsTests.xctest */,
			);
			name = Products;
			sourceTree = "<group>";
		};
		872B325A26A49DD600BD80B8 /* Deposits */ = {
			isa = PBXGroup;
			children = (
				87B6BF6826A7E6D400870B5C /* Mocks */,
				872B335D26A53AFC00BD80B8 /* Networking */,
				872B334326A4A1E600BD80B8 /* Services */,
				6ADC106226B16B4E00A1D8E6 /* Login */,
				872B333E26A4A1D000BD80B8 /* DepositListPage */,
				872B333926A4A1B400BD80B8 /* ScanChequePage */,
				872B333426A4A19600BD80B8 /* Model */,
				8726631726B1668900D8B2C8 /* Supporting Files */,
				872B325C26A49DD600BD80B8 /* Info.plist */,
				872B325B26A49DD600BD80B8 /* Deposits.h */,
				872B336626A546F100BD80B8 /* Environment.swift */,
			);
			path = Deposits;
			sourceTree = "<group>";
		};
		872B326526A49DD600BD80B8 /* DepositsTests */ = {
			isa = PBXGroup;
			children = (
				6A05B10E26B185C900BF8DDA /* SearchDepositViewControllerTests.swift */,
				872B326626A49DD600BD80B8 /* DepositsTests.swift */,
				87B6BF9F26A83C2E00870B5C /* DepositViewModelTests.swift */,
				87BBD2F226AED219005637E6 /* DepositListViewModelTest.swift */,
				87B6BFA126A8453700870B5C /* DepositsListServiceTests.swift */,
				87B6BFB926AAD56600870B5C /* DepositChequeServiceTests.swift */,
				87B6BFB126AAB1B400870B5C /* ServiceRequestTests.swift */,
				87B6BFB326AABD7200870B5C /* MockNeworkServiceBuildableTest.swift */,
				87B6BFBB26AADBC400870B5C /* ScanChequeViewModelTest.swift */,
				87B6BFBF26AAE8A200870B5C /* DepositListTableViewDataSourceTests.swift */,
				87B6BFC126AAED0700870B5C /* NetworkClientTests.swift */,
				872B326826A49DD600BD80B8 /* Info.plist */,
				87B6BFBD26AADBE600870B5C /* MockNeworkService.swift */,
				87BBD2F626AEE580005637E6 /* MockDepositsListService.swift */,
				87B6BFC326AAEEB400870B5C /* MockService.swift */,
				87B6BFB726AAC62200870B5C /* MockEnv.swift */,
			);
			path = DepositsTests;
			sourceTree = "<group>";
		};
		872B332826A4A15B00BD80B8 /* DepositTotalCell */ = {
			isa = PBXGroup;
			children = (
				872B332526A4A15100BD80B8 /* DepositsTotalCell.swift */,
				872B332426A4A15100BD80B8 /* DepositsTotalCell.xib */,
			);
			path = DepositTotalCell;
			sourceTree = "<group>";
		};
		872B332D26A4A18000BD80B8 /* DepositTableViewCell */ = {
			isa = PBXGroup;
			children = (
				872B332A26A4A17900BD80B8 /* DepositTableViewCell.swift */,
				872B332926A4A17900BD80B8 /* DepositTableViewCell.xib */,
			);
			path = DepositTableViewCell;
			sourceTree = "<group>";
		};
		872B333426A4A19600BD80B8 /* Model */ = {
			isa = PBXGroup;
			children = (
				872B332E26A4A19000BD80B8 /* DepositError.swift */,
				872B333026A4A19000BD80B8 /* DepositModel.swift */,
				6AD0977426B2A38D00A46973 /* LoginResponseModel.swift */,
				6AD0977626B2A3EF00A46973 /* LoginError.swift */,
			);
			path = Model;
			sourceTree = "<group>";
		};
		872B333926A4A1B400BD80B8 /* ScanChequePage */ = {
			isa = PBXGroup;
			children = (
				872B339F26A585FB00BD80B8 /* View */,
				872B339E26A585F100BD80B8 /* ViewModel */,
				872B334D26A4A23B00BD80B8 /* Controller */,
				8762478826A6DD1F004CD6AE /* ChequeSide.swift */,
				87B6BF7126A7FDA200870B5C /* DepositChequeRequest.swift */,
			);
			path = ScanChequePage;
			sourceTree = "<group>";
		};
		872B333E26A4A1D000BD80B8 /* DepositListPage */ = {
			isa = PBXGroup;
			children = (
				872B334E26A4A25A00BD80B8 /* Cells */,
				872B334C26A4A22200BD80B8 /* ViewModel */,
				872B334B26A4A21200BD80B8 /* Controllers */,
				87B6BF7326A7FDB900870B5C /* DepositListRequest.swift */,
				87B6BFAB26A9846D00870B5C /* DepositListTableViewDataSource.swift */,
			);
			path = DepositListPage;
			sourceTree = "<group>";
		};
		872B334326A4A1E600BD80B8 /* Services */ = {
			isa = PBXGroup;
			children = (
				872B334026A4A1E200BD80B8 /* DepositListsService.swift */,
				872B337826A558F900BD80B8 /* DepositCheuqueService.swift */,
				872B333F26A4A1E200BD80B8 /* MockDepositList.swift */,
				6A05B10926B179F100BF8DDA /* LoginService.swift */,
			);
			path = Services;
			sourceTree = "<group>";
		};
		872B334B26A4A21200BD80B8 /* Controllers */ = {
			isa = PBXGroup;
			children = (
				8726631926B1672C00D8B2C8 /* DepositListViewController */,
				6A35D58826AFEFC50042BD85 /* SearchResultsController.swift */,
			);
			path = Controllers;
			sourceTree = "<group>";
		};
		872B334C26A4A22200BD80B8 /* ViewModel */ = {
			isa = PBXGroup;
			children = (
				872B334626A4A1F200BD80B8 /* DepositsListViewModel.swift */,
				872B334426A4A1F100BD80B8 /* DepositViewModel.swift */,
			);
			path = ViewModel;
			sourceTree = "<group>";
		};
		872B334D26A4A23B00BD80B8 /* Controller */ = {
			isa = PBXGroup;
			children = (
				872B333526A4A1AD00BD80B8 /* ScanChequeViewController.swift */,
				8726632226B16D2D00D8B2C8 /* ScanChequeViewController+Delgates.swift */,
				8726632026B16CFB00D8B2C8 /* ScanChequeViewController+States.swift */,
				872B333626A4A1AD00BD80B8 /* ScanChequeViewController.xib */,
			);
			path = Controller;
			sourceTree = "<group>";
		};
		872B334E26A4A25A00BD80B8 /* Cells */ = {
			isa = PBXGroup;
			children = (
				872B332D26A4A18000BD80B8 /* DepositTableViewCell */,
				872B332826A4A15B00BD80B8 /* DepositTotalCell */,
			);
			path = Cells;
			sourceTree = "<group>";
		};
		872B335D26A53AFC00BD80B8 /* Networking */ = {
			isa = PBXGroup;
			children = (
				872B335E26A53B1500BD80B8 /* NetworkClient.swift */,
				872B336A26A5472D00BD80B8 /* URLSessionProtocol.swift */,
				872B336826A5471C00BD80B8 /* URLRequest.swift */,
				872B336426A546DB00BD80B8 /* NetworkClientError.swift */,
				872B336226A5469600BD80B8 /* ServiceRequest.swift */,
				872B336026A5468600BD80B8 /* ServiceRequestMethod.swift */,
				87B6BF6B26A7E7EC00870B5C /* ServiceBuildable.swift */,
				87B6BF6D26A7E8CA00870B5C /* MockURLSession.swift */,
				8726634826B17A8B00D8B2C8 /* Cache.swift */,
			);
			path = Networking;
			sourceTree = "<group>";
		};
		872B339E26A585F100BD80B8 /* ViewModel */ = {
			isa = PBXGroup;
			children = (
				872B334526A4A1F100BD80B8 /* ScanChequeViewModel.swift */,
			);
			path = ViewModel;
			sourceTree = "<group>";
		};
		872B339F26A585FB00BD80B8 /* View */ = {
			isa = PBXGroup;
			children = (
				872B335926A4A4A600BD80B8 /* ChequImageView.swift */,
			);
			path = View;
			sourceTree = "<group>";
		};
		872B33B926A5984100BD80B8 /* SBChequeScan */ = {
			isa = PBXGroup;
			children = (
				8762478626A6DCE6004CD6AE /* ImageRatio.swift */,
				8762478426A6DCDA004CD6AE /* CameraView.swift */,
				872B33C026A5A0D000BD80B8 /* ChequeScannerVC.swift */,
			);
			path = SBChequeScan;
			sourceTree = "<group>";
		};
		87B6BF6826A7E6D400870B5C /* Mocks */ = {
			isa = PBXGroup;
			children = (
				87B6BF6926A7E77500870B5C /* deposits_list.json */,
			);
			path = Mocks;
			sourceTree = "<group>";
		};
/* End PBXGroup section */

/* Begin PBXHeadersBuildPhase section */
		872B325326A49DD600BD80B8 /* Headers */ = {
			isa = PBXHeadersBuildPhase;
			buildActionMask = 2147483647;
			files = (
				872B326926A49DD600BD80B8 /* Deposits.h in Headers */,
			);
			runOnlyForDeploymentPostprocessing = 0;
		};
/* End PBXHeadersBuildPhase section */

/* Begin PBXNativeTarget section */
		872B325726A49DD600BD80B8 /* Deposits */ = {
			isa = PBXNativeTarget;
			buildConfigurationList = 872B326C26A49DD600BD80B8 /* Build configuration list for PBXNativeTarget "Deposits" */;
			buildPhases = (
				872B325326A49DD600BD80B8 /* Headers */,
				872B325426A49DD600BD80B8 /* Sources */,
				872B325526A49DD600BD80B8 /* Frameworks */,
				872B325626A49DD600BD80B8 /* Resources */,
			);
			buildRules = (
			);
			dependencies = (
			);
			name = Deposits;
			productName = Deposits;
			productReference = 872B325826A49DD600BD80B8 /* Deposits.framework */;
			productType = "com.apple.product-type.framework";
		};
		872B326026A49DD600BD80B8 /* DepositsTests */ = {
			isa = PBXNativeTarget;
			buildConfigurationList = 872B326F26A49DD600BD80B8 /* Build configuration list for PBXNativeTarget "DepositsTests" */;
			buildPhases = (
				872B325D26A49DD600BD80B8 /* Sources */,
				872B325E26A49DD600BD80B8 /* Frameworks */,
				872B325F26A49DD600BD80B8 /* Resources */,
			);
			buildRules = (
			);
			dependencies = (
				872B326426A49DD600BD80B8 /* PBXTargetDependency */,
			);
			name = DepositsTests;
			productName = DepositsTests;
			productReference = 872B326126A49DD600BD80B8 /* DepositsTests.xctest */;
			productType = "com.apple.product-type.bundle.unit-test";
		};
/* End PBXNativeTarget section */

/* Begin PBXProject section */
		872B324F26A49DD600BD80B8 /* Project object */ = {
			isa = PBXProject;
			attributes = {
				LastSwiftUpdateCheck = 1250;
				LastUpgradeCheck = 1250;
				TargetAttributes = {
					872B325726A49DD600BD80B8 = {
						CreatedOnToolsVersion = 12.5.1;
						LastSwiftMigration = 1250;
					};
					872B326026A49DD600BD80B8 = {
						CreatedOnToolsVersion = 12.5.1;
					};
				};
			};
			buildConfigurationList = 872B325226A49DD600BD80B8 /* Build configuration list for PBXProject "Deposits" */;
			compatibilityVersion = "Xcode 9.3";
			developmentRegion = en;
			hasScannedForEncodings = 0;
			knownRegions = (
				en,
				Base,
			);
			mainGroup = 872B324E26A49DD600BD80B8;
			productRefGroup = 872B325926A49DD600BD80B8 /* Products */;
			projectDirPath = "";
			projectRoot = "";
			targets = (
				872B325726A49DD600BD80B8 /* Deposits */,
				872B326026A49DD600BD80B8 /* DepositsTests */,
			);
		};
/* End PBXProject section */

/* Begin PBXResourcesBuildPhase section */
		872B325626A49DD600BD80B8 /* Resources */ = {
			isa = PBXResourcesBuildPhase;
			buildActionMask = 2147483647;
			files = (
				872B332B26A4A17900BD80B8 /* DepositTableViewCell.xib in Resources */,
				872B333D26A4A1CA00BD80B8 /* DepositListViewController.xib in Resources */,
				6A2B89FD26B33A290070D80C /* LoginViewController.xib in Resources */,
				872B332626A4A15100BD80B8 /* DepositsTotalCell.xib in Resources */,
				87B6BF6A26A7E77500870B5C /* deposits_list.json in Resources */,
				872B333826A4A1AD00BD80B8 /* ScanChequeViewController.xib in Resources */,
			);
			runOnlyForDeploymentPostprocessing = 0;
		};
		872B325F26A49DD600BD80B8 /* Resources */ = {
			isa = PBXResourcesBuildPhase;
			buildActionMask = 2147483647;
			files = (
			);
			runOnlyForDeploymentPostprocessing = 0;
		};
/* End PBXResourcesBuildPhase section */

/* Begin PBXSourcesBuildPhase section */
		872B325426A49DD600BD80B8 /* Sources */ = {
			isa = PBXSourcesBuildPhase;
			buildActionMask = 2147483647;
			files = (
				872B336B26A5472D00BD80B8 /* URLSessionProtocol.swift in Sources */,
				872B336326A5469600BD80B8 /* ServiceRequest.swift in Sources */,
				8726638126B1D45800D8B2C8 /* DLVC+Animations.swift in Sources */,
				872B336126A5468600BD80B8 /* ServiceRequestMethod.swift in Sources */,
				872B333126A4A19000BD80B8 /* DepositError.swift in Sources */,
				872B336526A546DB00BD80B8 /* NetworkClientError.swift in Sources */,
				6AD0977726B2A3EF00A46973 /* LoginError.swift in Sources */,
				8726631626B1660700D8B2C8 /* BaseViewController.swift in Sources */,
				8762478926A6DD1F004CD6AE /* ChequeSide.swift in Sources */,
				8762478726A6DCE6004CD6AE /* ImageRatio.swift in Sources */,
				872B332C26A4A17900BD80B8 /* DepositTableViewCell.swift in Sources */,
				872B335F26A53B1500BD80B8 /* NetworkClient.swift in Sources */,
				8726631426B165B600D8B2C8 /* SnackBar+Builder.swift in Sources */,
				872B335A26A4A4A600BD80B8 /* ChequImageView.swift in Sources */,
				6ADC106726B16C3C00A1D8E6 /* LoginViewModel.swift in Sources */,
				872B334226A4A1E200BD80B8 /* DepositListsService.swift in Sources */,
				872B337926A558F900BD80B8 /* DepositCheuqueService.swift in Sources */,
				872B333726A4A1AD00BD80B8 /* ScanChequeViewController.swift in Sources */,
				87B6BF7426A7FDB900870B5C /* DepositListRequest.swift in Sources */,
				8726631F26B1682C00D8B2C8 /* DLVC+SearchBar.swift in Sources */,
				872B333226A4A19000BD80B8 /* DepositModuleBuilder.swift in Sources */,
				8726636726B1C30C00D8B2C8 /* PaginationHelper.swift in Sources */,
				872B332726A4A15100BD80B8 /* DepositsTotalCell.swift in Sources */,
				87B6BF6E26A7E8CA00870B5C /* MockURLSession.swift in Sources */,
				872B336926A5471C00BD80B8 /* URLRequest.swift in Sources */,
				87B6BF7226A7FDA200870B5C /* DepositChequeRequest.swift in Sources */,
				8726632326B16D2D00D8B2C8 /* ScanChequeViewController+Delgates.swift in Sources */,
				8726632126B16CFB00D8B2C8 /* ScanChequeViewController+States.swift in Sources */,
				872B33C126A5A0D000BD80B8 /* ChequeScannerVC.swift in Sources */,
				8726631B26B1678400D8B2C8 /* DLVC+TableView.swift in Sources */,
				872B333C26A4A1CA00BD80B8 /* DepositListViewController.swift in Sources */,
				6ADC106526B16B9700A1D8E6 /* LoginViewController.swift in Sources */,
				87B6BFAC26A9846D00870B5C /* DepositListTableViewDataSource.swift in Sources */,
				6AD0977526B2A38D00A46973 /* LoginResponseModel.swift in Sources */,
				872B334126A4A1E200BD80B8 /* MockDepositList.swift in Sources */,
				872B333326A4A19000BD80B8 /* DepositModel.swift in Sources */,
				8762478526A6DCDA004CD6AE /* CameraView.swift in Sources */,
				6A05B10A26B179F100BF8DDA /* LoginService.swift in Sources */,
				8726634926B17A8B00D8B2C8 /* Cache.swift in Sources */,
				8726631D26B167E400D8B2C8 /* DLVC+UIBindings.swift in Sources */,
				8726638326B1D50700D8B2C8 /* DLVC+ScanChequeResponseDelegate.swift in Sources */,
				872B334126A4A1E200BD80B8 /* MockDepositList.swift in Sources */,
				872B333326A4A19000BD80B8 /* DepositModel.swift in Sources */,
				8762478526A6DCDA004CD6AE /* CameraView.swift in Sources */,
				8726630D26B1621F00D8B2C8 /* SnackBar.swift in Sources */,
				8726630F26B1635800D8B2C8 /* SnackBar+AlertView.swift in Sources */,
				872B336726A546F100BD80B8 /* Environment.swift in Sources */,
				8726628526B0169800D8B2C8 /* Helper.swift in Sources */,
				6A35D58926AFEFC50042BD85 /* SearchResultsController.swift in Sources */,
				872B334926A4A1F200BD80B8 /* DepositsListViewModel.swift in Sources */,
				872B334826A4A1F200BD80B8 /* ScanChequeViewModel.swift in Sources */,
				87B6BF6C26A7E7EC00870B5C /* ServiceBuildable.swift in Sources */,
				872B334726A4A1F200BD80B8 /* DepositViewModel.swift in Sources */,
			);
			runOnlyForDeploymentPostprocessing = 0;
		};
		872B325D26A49DD600BD80B8 /* Sources */ = {
			isa = PBXSourcesBuildPhase;
			buildActionMask = 2147483647;
			files = (
				87B6BFB426AABD7200870B5C /* MockNeworkServiceBuildableTest.swift in Sources */,
				6A05B10F26B185C900BF8DDA /* SearchDepositViewControllerTests.swift in Sources */,
				87B6BFC026AAE8A200870B5C /* DepositListTableViewDataSourceTests.swift in Sources */,
				872B326726A49DD600BD80B8 /* DepositsTests.swift in Sources */,
				87B6BFB226AAB1B400870B5C /* ServiceRequestTests.swift in Sources */,
				87B6BFA226A8453700870B5C /* DepositsListServiceTests.swift in Sources */,
				6AD0977326B29F9100A46973 /* LoginWebServiceTests.swift in Sources */,
				87B6BFBC26AADBC400870B5C /* ScanChequeViewModelTest.swift in Sources */,
				87B6BFA026A83C2E00870B5C /* DepositViewModelTests.swift in Sources */,
				87B6BFB826AAC62200870B5C /* MockEnv.swift in Sources */,
				87B6BFBE26AADBE600870B5C /* MockNeworkService.swift in Sources */,
				87B6BFC226AAED0700870B5C /* NetworkClientTests.swift in Sources */,
				87B6BFBA26AAD56600870B5C /* DepositChequeServiceTests.swift in Sources */,
				6A05B10C26B1832300BF8DDA /* LoginModelTests.swift in Sources */,
				87B6BFC426AAEEB400870B5C /* MockService.swift in Sources */,
				87BBD2F726AEE580005637E6 /* MockDepositsListService.swift in Sources */,
				87BBD2F326AED219005637E6 /* DepositListViewModelTest.swift in Sources */,
			);
			runOnlyForDeploymentPostprocessing = 0;
		};
/* End PBXSourcesBuildPhase section */

/* Begin PBXTargetDependency section */
		872B326426A49DD600BD80B8 /* PBXTargetDependency */ = {
			isa = PBXTargetDependency;
			target = 872B325726A49DD600BD80B8 /* Deposits */;
			targetProxy = 872B326326A49DD600BD80B8 /* PBXContainerItemProxy */;
		};
/* End PBXTargetDependency section */

/* Begin XCBuildConfiguration section */
		872B326A26A49DD600BD80B8 /* Debug */ = {
			isa = XCBuildConfiguration;
			buildSettings = {
				ALWAYS_SEARCH_USER_PATHS = NO;
				CLANG_ANALYZER_NONNULL = YES;
				CLANG_ANALYZER_NUMBER_OBJECT_CONVERSION = YES_AGGRESSIVE;
				CLANG_CXX_LANGUAGE_STANDARD = "gnu++14";
				CLANG_CXX_LIBRARY = "libc++";
				CLANG_ENABLE_MODULES = YES;
				CLANG_ENABLE_OBJC_ARC = YES;
				CLANG_ENABLE_OBJC_WEAK = YES;
				CLANG_WARN_BLOCK_CAPTURE_AUTORELEASING = YES;
				CLANG_WARN_BOOL_CONVERSION = YES;
				CLANG_WARN_COMMA = YES;
				CLANG_WARN_CONSTANT_CONVERSION = YES;
				CLANG_WARN_DEPRECATED_OBJC_IMPLEMENTATIONS = YES;
				CLANG_WARN_DIRECT_OBJC_ISA_USAGE = YES_ERROR;
				CLANG_WARN_DOCUMENTATION_COMMENTS = YES;
				CLANG_WARN_EMPTY_BODY = YES;
				CLANG_WARN_ENUM_CONVERSION = YES;
				CLANG_WARN_INFINITE_RECURSION = YES;
				CLANG_WARN_INT_CONVERSION = YES;
				CLANG_WARN_NON_LITERAL_NULL_CONVERSION = YES;
				CLANG_WARN_OBJC_IMPLICIT_RETAIN_SELF = YES;
				CLANG_WARN_OBJC_LITERAL_CONVERSION = YES;
				CLANG_WARN_OBJC_ROOT_CLASS = YES_ERROR;
				CLANG_WARN_QUOTED_INCLUDE_IN_FRAMEWORK_HEADER = YES;
				CLANG_WARN_RANGE_LOOP_ANALYSIS = YES;
				CLANG_WARN_STRICT_PROTOTYPES = YES;
				CLANG_WARN_SUSPICIOUS_MOVE = YES;
				CLANG_WARN_UNGUARDED_AVAILABILITY = YES_AGGRESSIVE;
				CLANG_WARN_UNREACHABLE_CODE = YES;
				CLANG_WARN__DUPLICATE_METHOD_MATCH = YES;
				COPY_PHASE_STRIP = NO;
				CURRENT_PROJECT_VERSION = 1;
				DEBUG_INFORMATION_FORMAT = dwarf;
				ENABLE_STRICT_OBJC_MSGSEND = YES;
				ENABLE_TESTABILITY = YES;
				GCC_C_LANGUAGE_STANDARD = gnu11;
				GCC_DYNAMIC_NO_PIC = NO;
				GCC_NO_COMMON_BLOCKS = YES;
				GCC_OPTIMIZATION_LEVEL = 0;
				GCC_PREPROCESSOR_DEFINITIONS = (
					"DEBUG=1",
					"$(inherited)",
				);
				GCC_WARN_64_TO_32_BIT_CONVERSION = YES;
				GCC_WARN_ABOUT_RETURN_TYPE = YES_ERROR;
				GCC_WARN_UNDECLARED_SELECTOR = YES;
				GCC_WARN_UNINITIALIZED_AUTOS = YES_AGGRESSIVE;
				GCC_WARN_UNUSED_FUNCTION = YES;
				GCC_WARN_UNUSED_VARIABLE = YES;
				IPHONEOS_DEPLOYMENT_TARGET = 14.5;
				MTL_ENABLE_DEBUG_INFO = INCLUDE_SOURCE;
				MTL_FAST_MATH = YES;
				ONLY_ACTIVE_ARCH = YES;
				SDKROOT = iphoneos;
				SWIFT_ACTIVE_COMPILATION_CONDITIONS = DEBUG;
				SWIFT_OPTIMIZATION_LEVEL = "-Onone";
				VERSIONING_SYSTEM = "apple-generic";
				VERSION_INFO_PREFIX = "";
			};
			name = Debug;
		};
		872B326B26A49DD600BD80B8 /* Release */ = {
			isa = XCBuildConfiguration;
			buildSettings = {
				ALWAYS_SEARCH_USER_PATHS = NO;
				CLANG_ANALYZER_NONNULL = YES;
				CLANG_ANALYZER_NUMBER_OBJECT_CONVERSION = YES_AGGRESSIVE;
				CLANG_CXX_LANGUAGE_STANDARD = "gnu++14";
				CLANG_CXX_LIBRARY = "libc++";
				CLANG_ENABLE_MODULES = YES;
				CLANG_ENABLE_OBJC_ARC = YES;
				CLANG_ENABLE_OBJC_WEAK = YES;
				CLANG_WARN_BLOCK_CAPTURE_AUTORELEASING = YES;
				CLANG_WARN_BOOL_CONVERSION = YES;
				CLANG_WARN_COMMA = YES;
				CLANG_WARN_CONSTANT_CONVERSION = YES;
				CLANG_WARN_DEPRECATED_OBJC_IMPLEMENTATIONS = YES;
				CLANG_WARN_DIRECT_OBJC_ISA_USAGE = YES_ERROR;
				CLANG_WARN_DOCUMENTATION_COMMENTS = YES;
				CLANG_WARN_EMPTY_BODY = YES;
				CLANG_WARN_ENUM_CONVERSION = YES;
				CLANG_WARN_INFINITE_RECURSION = YES;
				CLANG_WARN_INT_CONVERSION = YES;
				CLANG_WARN_NON_LITERAL_NULL_CONVERSION = YES;
				CLANG_WARN_OBJC_IMPLICIT_RETAIN_SELF = YES;
				CLANG_WARN_OBJC_LITERAL_CONVERSION = YES;
				CLANG_WARN_OBJC_ROOT_CLASS = YES_ERROR;
				CLANG_WARN_QUOTED_INCLUDE_IN_FRAMEWORK_HEADER = YES;
				CLANG_WARN_RANGE_LOOP_ANALYSIS = YES;
				CLANG_WARN_STRICT_PROTOTYPES = YES;
				CLANG_WARN_SUSPICIOUS_MOVE = YES;
				CLANG_WARN_UNGUARDED_AVAILABILITY = YES_AGGRESSIVE;
				CLANG_WARN_UNREACHABLE_CODE = YES;
				CLANG_WARN__DUPLICATE_METHOD_MATCH = YES;
				COPY_PHASE_STRIP = NO;
				CURRENT_PROJECT_VERSION = 1;
				DEBUG_INFORMATION_FORMAT = "dwarf-with-dsym";
				ENABLE_NS_ASSERTIONS = NO;
				ENABLE_STRICT_OBJC_MSGSEND = YES;
				GCC_C_LANGUAGE_STANDARD = gnu11;
				GCC_NO_COMMON_BLOCKS = YES;
				GCC_WARN_64_TO_32_BIT_CONVERSION = YES;
				GCC_WARN_ABOUT_RETURN_TYPE = YES_ERROR;
				GCC_WARN_UNDECLARED_SELECTOR = YES;
				GCC_WARN_UNINITIALIZED_AUTOS = YES_AGGRESSIVE;
				GCC_WARN_UNUSED_FUNCTION = YES;
				GCC_WARN_UNUSED_VARIABLE = YES;
				IPHONEOS_DEPLOYMENT_TARGET = 14.5;
				MTL_ENABLE_DEBUG_INFO = NO;
				MTL_FAST_MATH = YES;
				SDKROOT = iphoneos;
				SWIFT_COMPILATION_MODE = wholemodule;
				SWIFT_OPTIMIZATION_LEVEL = "-O";
				VALIDATE_PRODUCT = YES;
				VERSIONING_SYSTEM = "apple-generic";
				VERSION_INFO_PREFIX = "";
			};
			name = Release;
		};
		872B326D26A49DD600BD80B8 /* Debug */ = {
			isa = XCBuildConfiguration;
			buildSettings = {
				CLANG_ENABLE_MODULES = YES;
				CODE_SIGN_STYLE = Automatic;
				DEFINES_MODULE = YES;
				DEVELOPMENT_TEAM = GK5XHW9J8B;
				DYLIB_COMPATIBILITY_VERSION = 1;
				DYLIB_CURRENT_VERSION = 1;
				DYLIB_INSTALL_NAME_BASE = "@rpath";
				INFOPLIST_FILE = Deposits/Info.plist;
				INSTALL_PATH = "$(LOCAL_LIBRARY_DIR)/Frameworks";
				LD_RUNPATH_SEARCH_PATHS = (
					"$(inherited)",
					"@executable_path/Frameworks",
					"@loader_path/Frameworks",
				);
				PRODUCT_BUNDLE_IDENTIFIER = info.sayoojkrishnan.Deposits;
				PRODUCT_NAME = "$(TARGET_NAME:c99extidentifier)";
				SKIP_INSTALL = YES;
				SWIFT_OPTIMIZATION_LEVEL = "-Onone";
				SWIFT_VERSION = 5.0;
				TARGETED_DEVICE_FAMILY = "1,2";
			};
			name = Debug;
		};
		872B326E26A49DD600BD80B8 /* Release */ = {
			isa = XCBuildConfiguration;
			buildSettings = {
				CLANG_ENABLE_MODULES = YES;
				CODE_SIGN_STYLE = Automatic;
				DEFINES_MODULE = YES;
				DEVELOPMENT_TEAM = GK5XHW9J8B;
				DYLIB_COMPATIBILITY_VERSION = 1;
				DYLIB_CURRENT_VERSION = 1;
				DYLIB_INSTALL_NAME_BASE = "@rpath";
				INFOPLIST_FILE = Deposits/Info.plist;
				INSTALL_PATH = "$(LOCAL_LIBRARY_DIR)/Frameworks";
				LD_RUNPATH_SEARCH_PATHS = (
					"$(inherited)",
					"@executable_path/Frameworks",
					"@loader_path/Frameworks",
				);
				PRODUCT_BUNDLE_IDENTIFIER = info.sayoojkrishnan.Deposits;
				PRODUCT_NAME = "$(TARGET_NAME:c99extidentifier)";
				SKIP_INSTALL = YES;
				SWIFT_VERSION = 5.0;
				TARGETED_DEVICE_FAMILY = "1,2";
			};
			name = Release;
		};
		872B327026A49DD600BD80B8 /* Debug */ = {
			isa = XCBuildConfiguration;
			buildSettings = {
				ALWAYS_EMBED_SWIFT_STANDARD_LIBRARIES = YES;
				CODE_SIGN_STYLE = Automatic;
				DEVELOPMENT_TEAM = GK5XHW9J8B;
				INFOPLIST_FILE = DepositsTests/Info.plist;
				LD_RUNPATH_SEARCH_PATHS = (
					"$(inherited)",
					"@executable_path/Frameworks",
					"@loader_path/Frameworks",
				);
				PRODUCT_BUNDLE_IDENTIFIER = info.sayoojkrishnan.DepositsTests;
				PRODUCT_NAME = "$(TARGET_NAME)";
				SWIFT_VERSION = 5.0;
				TARGETED_DEVICE_FAMILY = "1,2";
			};
			name = Debug;
		};
		872B327126A49DD600BD80B8 /* Release */ = {
			isa = XCBuildConfiguration;
			buildSettings = {
				ALWAYS_EMBED_SWIFT_STANDARD_LIBRARIES = YES;
				CODE_SIGN_STYLE = Automatic;
				DEVELOPMENT_TEAM = GK5XHW9J8B;
				INFOPLIST_FILE = DepositsTests/Info.plist;
				LD_RUNPATH_SEARCH_PATHS = (
					"$(inherited)",
					"@executable_path/Frameworks",
					"@loader_path/Frameworks",
				);
				PRODUCT_BUNDLE_IDENTIFIER = info.sayoojkrishnan.DepositsTests;
				PRODUCT_NAME = "$(TARGET_NAME)";
				SWIFT_VERSION = 5.0;
				TARGETED_DEVICE_FAMILY = "1,2";
			};
			name = Release;
		};
/* End XCBuildConfiguration section */

/* Begin XCConfigurationList section */
		872B325226A49DD600BD80B8 /* Build configuration list for PBXProject "Deposits" */ = {
			isa = XCConfigurationList;
			buildConfigurations = (
				872B326A26A49DD600BD80B8 /* Debug */,
				872B326B26A49DD600BD80B8 /* Release */,
			);
			defaultConfigurationIsVisible = 0;
			defaultConfigurationName = Release;
		};
		872B326C26A49DD600BD80B8 /* Build configuration list for PBXNativeTarget "Deposits" */ = {
			isa = XCConfigurationList;
			buildConfigurations = (
				872B326D26A49DD600BD80B8 /* Debug */,
				872B326E26A49DD600BD80B8 /* Release */,
			);
			defaultConfigurationIsVisible = 0;
			defaultConfigurationName = Release;
		};
		872B326F26A49DD600BD80B8 /* Build configuration list for PBXNativeTarget "DepositsTests" */ = {
			isa = XCConfigurationList;
			buildConfigurations = (
				872B327026A49DD600BD80B8 /* Debug */,
				872B327126A49DD600BD80B8 /* Release */,
			);
			defaultConfigurationIsVisible = 0;
			defaultConfigurationName = Release;
		};
/* End XCConfigurationList section */
	};
	rootObject = 872B324F26A49DD600BD80B8 /* Project object */;
}
