// !$*UTF8*$!
{
	archiveVersion = 1;
	classes = {
	};
	objectVersion = 50;
	objects = {

/* Begin PBXBuildFile section */
		872B326226A49DD600BD80B8 /* Deposits.framework in Frameworks */ = {isa = PBXBuildFile; fileRef = 872B325826A49DD600BD80B8 /* Deposits.framework */; };
		872B326726A49DD600BD80B8 /* DepositsTests.swift in Sources */ = {isa = PBXBuildFile; fileRef = 872B326626A49DD600BD80B8 /* DepositsTests.swift */; };
		872B326926A49DD600BD80B8 /* Deposits.h in Headers */ = {isa = PBXBuildFile; fileRef = 872B325B26A49DD600BD80B8 /* Deposits.h */; settings = {ATTRIBUTES = (Public, ); }; };
		872B332626A4A15100BD80B8 /* DepositsTotalCell.xib in Resources */ = {isa = PBXBuildFile; fileRef = 872B332426A4A15100BD80B8 /* DepositsTotalCell.xib */; };
		872B332726A4A15100BD80B8 /* DepositsTotalCell.swift in Sources */ = {isa = PBXBuildFile; fileRef = 872B332526A4A15100BD80B8 /* DepositsTotalCell.swift */; };
		872B332B26A4A17900BD80B8 /* DepositTableViewCell.xib in Resources */ = {isa = PBXBuildFile; fileRef = 872B332926A4A17900BD80B8 /* DepositTableViewCell.xib */; };
		872B332C26A4A17900BD80B8 /* DepositTableViewCell.swift in Sources */ = {isa = PBXBuildFile; fileRef = 872B332A26A4A17900BD80B8 /* DepositTableViewCell.swift */; };
		872B333126A4A19000BD80B8 /* DepositError.swift in Sources */ = {isa = PBXBuildFile; fileRef = 872B332E26A4A19000BD80B8 /* DepositError.swift */; };
		872B333226A4A19000BD80B8 /* DepositModuleBuilder.swift in Sources */ = {isa = PBXBuildFile; fileRef = 872B332F26A4A19000BD80B8 /* DepositModuleBuilder.swift */; };
		872B333326A4A19000BD80B8 /* DepositModel.swift in Sources */ = {isa = PBXBuildFile; fileRef = 872B333026A4A19000BD80B8 /* DepositModel.swift */; };
		872B333726A4A1AD00BD80B8 /* ScanChequeViewController.swift in Sources */ = {isa = PBXBuildFile; fileRef = 872B333526A4A1AD00BD80B8 /* ScanChequeViewController.swift */; };
		872B333826A4A1AD00BD80B8 /* ScanChequeViewController.xib in Resources */ = {isa = PBXBuildFile; fileRef = 872B333626A4A1AD00BD80B8 /* ScanChequeViewController.xib */; };
		872B333C26A4A1CA00BD80B8 /* DepositListViewController.swift in Sources */ = {isa = PBXBuildFile; fileRef = 872B333A26A4A1CA00BD80B8 /* DepositListViewController.swift */; };
		872B333D26A4A1CA00BD80B8 /* DepositListViewController.xib in Resources */ = {isa = PBXBuildFile; fileRef = 872B333B26A4A1CA00BD80B8 /* DepositListViewController.xib */; };
		872B334126A4A1E200BD80B8 /* MockDepositList.swift in Sources */ = {isa = PBXBuildFile; fileRef = 872B333F26A4A1E200BD80B8 /* MockDepositList.swift */; };
		872B334226A4A1E200BD80B8 /* DepositListsService.swift in Sources */ = {isa = PBXBuildFile; fileRef = 872B334026A4A1E200BD80B8 /* DepositListsService.swift */; };
		872B334726A4A1F200BD80B8 /* DepositViewModel.swift in Sources */ = {isa = PBXBuildFile; fileRef = 872B334426A4A1F100BD80B8 /* DepositViewModel.swift */; };
		872B334826A4A1F200BD80B8 /* ScanChequeViewModel.swift in Sources */ = {isa = PBXBuildFile; fileRef = 872B334526A4A1F100BD80B8 /* ScanChequeViewModel.swift */; };
		872B334926A4A1F200BD80B8 /* DepositsListViewModel.swift in Sources */ = {isa = PBXBuildFile; fileRef = 872B334626A4A1F200BD80B8 /* DepositsListViewModel.swift */; };
		872B335A26A4A4A600BD80B8 /* ChequImageView.swift in Sources */ = {isa = PBXBuildFile; fileRef = 872B335926A4A4A600BD80B8 /* ChequImageView.swift */; };
		872B335F26A53B1500BD80B8 /* NetworkClient.swift in Sources */ = {isa = PBXBuildFile; fileRef = 872B335E26A53B1500BD80B8 /* NetworkClient.swift */; };
		872B336126A5468600BD80B8 /* ServiceRequestMethod.swift in Sources */ = {isa = PBXBuildFile; fileRef = 872B336026A5468600BD80B8 /* ServiceRequestMethod.swift */; };
		872B336326A5469600BD80B8 /* ServiceRequest.swift in Sources */ = {isa = PBXBuildFile; fileRef = 872B336226A5469600BD80B8 /* ServiceRequest.swift */; };
		872B336526A546DB00BD80B8 /* NetworkClientError.swift in Sources */ = {isa = PBXBuildFile; fileRef = 872B336426A546DB00BD80B8 /* NetworkClientError.swift */; };
		872B336726A546F100BD80B8 /* Environment.swift in Sources */ = {isa = PBXBuildFile; fileRef = 872B336626A546F100BD80B8 /* Environment.swift */; };
		872B336926A5471C00BD80B8 /* URLRequest.swift in Sources */ = {isa = PBXBuildFile; fileRef = 872B336826A5471C00BD80B8 /* URLRequest.swift */; };
		872B336B26A5472D00BD80B8 /* URLSessionProtocol.swift in Sources */ = {isa = PBXBuildFile; fileRef = 872B336A26A5472D00BD80B8 /* URLSessionProtocol.swift */; };
		872B337926A558F900BD80B8 /* DepositCheuqueService.swift in Sources */ = {isa = PBXBuildFile; fileRef = 872B337826A558F900BD80B8 /* DepositCheuqueService.swift */; };
		872B33C126A5A0D000BD80B8 /* ChequeScannerVC.swift in Sources */ = {isa = PBXBuildFile; fileRef = 872B33C026A5A0D000BD80B8 /* ChequeScannerVC.swift */; };
/* End PBXBuildFile section */

/* Begin PBXContainerItemProxy section */
		872B326326A49DD600BD80B8 /* PBXContainerItemProxy */ = {
			isa = PBXContainerItemProxy;
			containerPortal = 872B324F26A49DD600BD80B8 /* Project object */;
			proxyType = 1;
			remoteGlobalIDString = 872B325726A49DD600BD80B8;
			remoteInfo = Deposits;
		};
/* End PBXContainerItemProxy section */

/* Begin PBXFileReference section */
		872B325826A49DD600BD80B8 /* Deposits.framework */ = {isa = PBXFileReference; explicitFileType = wrapper.framework; includeInIndex = 0; path = Deposits.framework; sourceTree = BUILT_PRODUCTS_DIR; };
		872B325B26A49DD600BD80B8 /* Deposits.h */ = {isa = PBXFileReference; lastKnownFileType = sourcecode.c.h; path = Deposits.h; sourceTree = "<group>"; };
		872B325C26A49DD600BD80B8 /* Info.plist */ = {isa = PBXFileReference; lastKnownFileType = text.plist.xml; path = Info.plist; sourceTree = "<group>"; };
		872B326126A49DD600BD80B8 /* DepositsTests.xctest */ = {isa = PBXFileReference; explicitFileType = wrapper.cfbundle; includeInIndex = 0; path = DepositsTests.xctest; sourceTree = BUILT_PRODUCTS_DIR; };
		872B326626A49DD600BD80B8 /* DepositsTests.swift */ = {isa = PBXFileReference; lastKnownFileType = sourcecode.swift; path = DepositsTests.swift; sourceTree = "<group>"; };
		872B326826A49DD600BD80B8 /* Info.plist */ = {isa = PBXFileReference; lastKnownFileType = text.plist.xml; path = Info.plist; sourceTree = "<group>"; };
		872B332426A4A15100BD80B8 /* DepositsTotalCell.xib */ = {isa = PBXFileReference; fileEncoding = 4; lastKnownFileType = file.xib; path = DepositsTotalCell.xib; sourceTree = "<group>"; };
		872B332526A4A15100BD80B8 /* DepositsTotalCell.swift */ = {isa = PBXFileReference; fileEncoding = 4; lastKnownFileType = sourcecode.swift; path = DepositsTotalCell.swift; sourceTree = "<group>"; };
		872B332926A4A17900BD80B8 /* DepositTableViewCell.xib */ = {isa = PBXFileReference; fileEncoding = 4; lastKnownFileType = file.xib; path = DepositTableViewCell.xib; sourceTree = "<group>"; };
		872B332A26A4A17900BD80B8 /* DepositTableViewCell.swift */ = {isa = PBXFileReference; fileEncoding = 4; lastKnownFileType = sourcecode.swift; path = DepositTableViewCell.swift; sourceTree = "<group>"; };
		872B332E26A4A19000BD80B8 /* DepositError.swift */ = {isa = PBXFileReference; fileEncoding = 4; lastKnownFileType = sourcecode.swift; path = DepositError.swift; sourceTree = "<group>"; };
		872B332F26A4A19000BD80B8 /* DepositModuleBuilder.swift */ = {isa = PBXFileReference; fileEncoding = 4; lastKnownFileType = sourcecode.swift; path = DepositModuleBuilder.swift; sourceTree = "<group>"; };
		872B333026A4A19000BD80B8 /* DepositModel.swift */ = {isa = PBXFileReference; fileEncoding = 4; lastKnownFileType = sourcecode.swift; path = DepositModel.swift; sourceTree = "<group>"; };
		872B333526A4A1AD00BD80B8 /* ScanChequeViewController.swift */ = {isa = PBXFileReference; fileEncoding = 4; lastKnownFileType = sourcecode.swift; path = ScanChequeViewController.swift; sourceTree = "<group>"; };
		872B333626A4A1AD00BD80B8 /* ScanChequeViewController.xib */ = {isa = PBXFileReference; fileEncoding = 4; lastKnownFileType = file.xib; path = ScanChequeViewController.xib; sourceTree = "<group>"; };
		872B333A26A4A1CA00BD80B8 /* DepositListViewController.swift */ = {isa = PBXFileReference; fileEncoding = 4; lastKnownFileType = sourcecode.swift; path = DepositListViewController.swift; sourceTree = "<group>"; };
		872B333B26A4A1CA00BD80B8 /* DepositListViewController.xib */ = {isa = PBXFileReference; fileEncoding = 4; lastKnownFileType = file.xib; path = DepositListViewController.xib; sourceTree = "<group>"; };
		872B333F26A4A1E200BD80B8 /* MockDepositList.swift */ = {isa = PBXFileReference; fileEncoding = 4; lastKnownFileType = sourcecode.swift; path = MockDepositList.swift; sourceTree = "<group>"; };
		872B334026A4A1E200BD80B8 /* DepositListsService.swift */ = {isa = PBXFileReference; fileEncoding = 4; lastKnownFileType = sourcecode.swift; path = DepositListsService.swift; sourceTree = "<group>"; };
		872B334426A4A1F100BD80B8 /* DepositViewModel.swift */ = {isa = PBXFileReference; fileEncoding = 4; lastKnownFileType = sourcecode.swift; path = DepositViewModel.swift; sourceTree = "<group>"; };
		872B334526A4A1F100BD80B8 /* ScanChequeViewModel.swift */ = {isa = PBXFileReference; fileEncoding = 4; lastKnownFileType = sourcecode.swift; path = ScanChequeViewModel.swift; sourceTree = "<group>"; };
		872B334626A4A1F200BD80B8 /* DepositsListViewModel.swift */ = {isa = PBXFileReference; fileEncoding = 4; lastKnownFileType = sourcecode.swift; path = DepositsListViewModel.swift; sourceTree = "<group>"; };
		872B335926A4A4A600BD80B8 /* ChequImageView.swift */ = {isa = PBXFileReference; lastKnownFileType = sourcecode.swift; path = ChequImageView.swift; sourceTree = "<group>"; };
		872B335E26A53B1500BD80B8 /* NetworkClient.swift */ = {isa = PBXFileReference; lastKnownFileType = sourcecode.swift; path = NetworkClient.swift; sourceTree = "<group>"; };
		872B336026A5468600BD80B8 /* ServiceRequestMethod.swift */ = {isa = PBXFileReference; lastKnownFileType = sourcecode.swift; path = ServiceRequestMethod.swift; sourceTree = "<group>"; };
		872B336226A5469600BD80B8 /* ServiceRequest.swift */ = {isa = PBXFileReference; lastKnownFileType = sourcecode.swift; path = ServiceRequest.swift; sourceTree = "<group>"; };
		872B336426A546DB00BD80B8 /* NetworkClientError.swift */ = {isa = PBXFileReference; lastKnownFileType = sourcecode.swift; path = NetworkClientError.swift; sourceTree = "<group>"; };
		872B336626A546F100BD80B8 /* Environment.swift */ = {isa = PBXFileReference; lastKnownFileType = sourcecode.swift; path = Environment.swift; sourceTree = "<group>"; };
		872B336826A5471C00BD80B8 /* URLRequest.swift */ = {isa = PBXFileReference; lastKnownFileType = sourcecode.swift; path = URLRequest.swift; sourceTree = "<group>"; };
		872B336A26A5472D00BD80B8 /* URLSessionProtocol.swift */ = {isa = PBXFileReference; lastKnownFileType = sourcecode.swift; path = URLSessionProtocol.swift; sourceTree = "<group>"; };
		872B337826A558F900BD80B8 /* DepositCheuqueService.swift */ = {isa = PBXFileReference; lastKnownFileType = sourcecode.swift; path = DepositCheuqueService.swift; sourceTree = "<group>"; };
		872B33C026A5A0D000BD80B8 /* ChequeScannerVC.swift */ = {isa = PBXFileReference; lastKnownFileType = sourcecode.swift; path = ChequeScannerVC.swift; sourceTree = "<group>"; };
/* End PBXFileReference section */

/* Begin PBXFrameworksBuildPhase section */
		872B325526A49DD600BD80B8 /* Frameworks */ = {
			isa = PBXFrameworksBuildPhase;
			buildActionMask = 2147483647;
			files = (
			);
			runOnlyForDeploymentPostprocessing = 0;
		};
		872B325E26A49DD600BD80B8 /* Frameworks */ = {
			isa = PBXFrameworksBuildPhase;
			buildActionMask = 2147483647;
			files = (
				872B326226A49DD600BD80B8 /* Deposits.framework in Frameworks */,
			);
			runOnlyForDeploymentPostprocessing = 0;
		};
/* End PBXFrameworksBuildPhase section */

/* Begin PBXGroup section */
		872B324E26A49DD600BD80B8 = {
			isa = PBXGroup;
			children = (
				872B325A26A49DD600BD80B8 /* Deposits */,
				872B326526A49DD600BD80B8 /* DepositsTests */,
				872B325926A49DD600BD80B8 /* Products */,
			);
			sourceTree = "<group>";
		};
		872B325926A49DD600BD80B8 /* Products */ = {
			isa = PBXGroup;
			children = (
				872B325826A49DD600BD80B8 /* Deposits.framework */,
				872B326126A49DD600BD80B8 /* DepositsTests.xctest */,
			);
			name = Products;
			sourceTree = "<group>";
		};
		872B325A26A49DD600BD80B8 /* Deposits */ = {
			isa = PBXGroup;
			children = (
				872B335D26A53AFC00BD80B8 /* Networking */,
				872B334326A4A1E600BD80B8 /* Services */,
				872B333E26A4A1D000BD80B8 /* DepositListPage */,
				872B333926A4A1B400BD80B8 /* ScanChequePage */,
				872B333426A4A19600BD80B8 /* Model */,
				872B33B926A5984100BD80B8 /* ChequeScan */,
				872B325B26A49DD600BD80B8 /* Deposits.h */,
				872B325C26A49DD600BD80B8 /* Info.plist */,
				872B336626A546F100BD80B8 /* Environment.swift */,
			);
			path = Deposits;
			sourceTree = "<group>";
		};
		872B326526A49DD600BD80B8 /* DepositsTests */ = {
			isa = PBXGroup;
			children = (
				872B326626A49DD600BD80B8 /* DepositsTests.swift */,
				872B326826A49DD600BD80B8 /* Info.plist */,
			);
			path = DepositsTests;
			sourceTree = "<group>";
		};
		872B332826A4A15B00BD80B8 /* DepositTotalCell */ = {
			isa = PBXGroup;
			children = (
				872B332526A4A15100BD80B8 /* DepositsTotalCell.swift */,
				872B332426A4A15100BD80B8 /* DepositsTotalCell.xib */,
			);
			path = DepositTotalCell;
			sourceTree = "<group>";
		};
		872B332D26A4A18000BD80B8 /* DepositTableViewCell */ = {
			isa = PBXGroup;
			children = (
				872B332A26A4A17900BD80B8 /* DepositTableViewCell.swift */,
				872B332926A4A17900BD80B8 /* DepositTableViewCell.xib */,
			);
			path = DepositTableViewCell;
			sourceTree = "<group>";
		};
		872B333426A4A19600BD80B8 /* Model */ = {
			isa = PBXGroup;
			children = (
				872B332E26A4A19000BD80B8 /* DepositError.swift */,
				872B333026A4A19000BD80B8 /* DepositModel.swift */,
				872B332F26A4A19000BD80B8 /* DepositModuleBuilder.swift */,
			);
			path = Model;
			sourceTree = "<group>";
		};
		872B333926A4A1B400BD80B8 /* ScanChequePage */ = {
			isa = PBXGroup;
			children = (
				872B339F26A585FB00BD80B8 /* View */,
				872B339E26A585F100BD80B8 /* ViewModel */,
				872B334D26A4A23B00BD80B8 /* Controller */,
			);
			path = ScanChequePage;
			sourceTree = "<group>";
		};
		872B333E26A4A1D000BD80B8 /* DepositListPage */ = {
			isa = PBXGroup;
			children = (
				872B334E26A4A25A00BD80B8 /* Cells */,
				872B334C26A4A22200BD80B8 /* ViewModel */,
				872B334B26A4A21200BD80B8 /* Controllers */,
			);
			path = DepositListPage;
			sourceTree = "<group>";
		};
		872B334326A4A1E600BD80B8 /* Services */ = {
			isa = PBXGroup;
			children = (
				872B334026A4A1E200BD80B8 /* DepositListsService.swift */,
				872B337826A558F900BD80B8 /* DepositCheuqueService.swift */,
				872B333F26A4A1E200BD80B8 /* MockDepositList.swift */,
			);
			path = Services;
			sourceTree = "<group>";
		};
		872B334B26A4A21200BD80B8 /* Controllers */ = {
			isa = PBXGroup;
			children = (
				872B333A26A4A1CA00BD80B8 /* DepositListViewController.swift */,
				872B333B26A4A1CA00BD80B8 /* DepositListViewController.xib */,
			);
			path = Controllers;
			sourceTree = "<group>";
		};
		872B334C26A4A22200BD80B8 /* ViewModel */ = {
			isa = PBXGroup;
			children = (
				872B334626A4A1F200BD80B8 /* DepositsListViewModel.swift */,
				872B334426A4A1F100BD80B8 /* DepositViewModel.swift */,
			);
			path = ViewModel;
			sourceTree = "<group>";
		};
		872B334D26A4A23B00BD80B8 /* Controller */ = {
			isa = PBXGroup;
			children = (
				872B333526A4A1AD00BD80B8 /* ScanChequeViewController.swift */,
				872B333626A4A1AD00BD80B8 /* ScanChequeViewController.xib */,
			);
			path = Controller;
			sourceTree = "<group>";
		};
		872B334E26A4A25A00BD80B8 /* Cells */ = {
			isa = PBXGroup;
			children = (
				872B332D26A4A18000BD80B8 /* DepositTableViewCell */,
				872B332826A4A15B00BD80B8 /* DepositTotalCell */,
			);
			path = Cells;
			sourceTree = "<group>";
		};
		872B335D26A53AFC00BD80B8 /* Networking */ = {
			isa = PBXGroup;
			children = (
				872B335E26A53B1500BD80B8 /* NetworkClient.swift */,
				872B336A26A5472D00BD80B8 /* URLSessionProtocol.swift */,
				872B336826A5471C00BD80B8 /* URLRequest.swift */,
				872B336426A546DB00BD80B8 /* NetworkClientError.swift */,
				872B336226A5469600BD80B8 /* ServiceRequest.swift */,
				872B336026A5468600BD80B8 /* ServiceRequestMethod.swift */,
			);
			path = Networking;
			sourceTree = "<group>";
		};
		872B339E26A585F100BD80B8 /* ViewModel */ = {
			isa = PBXGroup;
			children = (
				872B334526A4A1F100BD80B8 /* ScanChequeViewModel.swift */,
			);
			path = ViewModel;
			sourceTree = "<group>";
		};
		872B339F26A585FB00BD80B8 /* View */ = {
			isa = PBXGroup;
			children = (
				872B335926A4A4A600BD80B8 /* ChequImageView.swift */,
			);
			path = View;
			sourceTree = "<group>";
		};
		872B33B926A5984100BD80B8 /* ChequeScan */ = {
			isa = PBXGroup;
			children = (
				872B33C026A5A0D000BD80B8 /* ChequeScannerVC.swift */,
			);
			path = ChequeScan;
			sourceTree = "<group>";
		};
/* End PBXGroup section */

/* Begin PBXHeadersBuildPhase section */
		872B325326A49DD600BD80B8 /* Headers */ = {
			isa = PBXHeadersBuildPhase;
			buildActionMask = 2147483647;
			files = (
				872B326926A49DD600BD80B8 /* Deposits.h in Headers */,
			);
			runOnlyForDeploymentPostprocessing = 0;
		};
/* End PBXHeadersBuildPhase section */

/* Begin PBXNativeTarget section */
		872B325726A49DD600BD80B8 /* Deposits */ = {
			isa = PBXNativeTarget;
			buildConfigurationList = 872B326C26A49DD600BD80B8 /* Build configuration list for PBXNativeTarget "Deposits" */;
			buildPhases = (
				872B325326A49DD600BD80B8 /* Headers */,
				872B325426A49DD600BD80B8 /* Sources */,
				872B325526A49DD600BD80B8 /* Frameworks */,
				872B325626A49DD600BD80B8 /* Resources */,
			);
			buildRules = (
			);
			dependencies = (
			);
			name = Deposits;
			productName = Deposits;
			productReference = 872B325826A49DD600BD80B8 /* Deposits.framework */;
			productType = "com.apple.product-type.framework";
		};
		872B326026A49DD600BD80B8 /* DepositsTests */ = {
			isa = PBXNativeTarget;
			buildConfigurationList = 872B326F26A49DD600BD80B8 /* Build configuration list for PBXNativeTarget "DepositsTests" */;
			buildPhases = (
				872B325D26A49DD600BD80B8 /* Sources */,
				872B325E26A49DD600BD80B8 /* Frameworks */,
				872B325F26A49DD600BD80B8 /* Resources */,
			);
			buildRules = (
			);
			dependencies = (
				872B326426A49DD600BD80B8 /* PBXTargetDependency */,
			);
			name = DepositsTests;
			productName = DepositsTests;
			productReference = 872B326126A49DD600BD80B8 /* DepositsTests.xctest */;
			productType = "com.apple.product-type.bundle.unit-test";
		};
/* End PBXNativeTarget section */

/* Begin PBXProject section */
		872B324F26A49DD600BD80B8 /* Project object */ = {
			isa = PBXProject;
			attributes = {
				LastSwiftUpdateCheck = 1250;
				LastUpgradeCheck = 1250;
				TargetAttributes = {
					872B325726A49DD600BD80B8 = {
						CreatedOnToolsVersion = 12.5.1;
						LastSwiftMigration = 1250;
					};
					872B326026A49DD600BD80B8 = {
						CreatedOnToolsVersion = 12.5.1;
					};
				};
			};
			buildConfigurationList = 872B325226A49DD600BD80B8 /* Build configuration list for PBXProject "Deposits" */;
			compatibilityVersion = "Xcode 9.3";
			developmentRegion = en;
			hasScannedForEncodings = 0;
			knownRegions = (
				en,
				Base,
			);
			mainGroup = 872B324E26A49DD600BD80B8;
			productRefGroup = 872B325926A49DD600BD80B8 /* Products */;
			projectDirPath = "";
			projectRoot = "";
			targets = (
				872B325726A49DD600BD80B8 /* Deposits */,
				872B326026A49DD600BD80B8 /* DepositsTests */,
			);
		};
/* End PBXProject section */

/* Begin PBXResourcesBuildPhase section */
		872B325626A49DD600BD80B8 /* Resources */ = {
			isa = PBXResourcesBuildPhase;
			buildActionMask = 2147483647;
			files = (
				872B332B26A4A17900BD80B8 /* DepositTableViewCell.xib in Resources */,
				872B333D26A4A1CA00BD80B8 /* DepositListViewController.xib in Resources */,
				872B332626A4A15100BD80B8 /* DepositsTotalCell.xib in Resources */,
				872B333826A4A1AD00BD80B8 /* ScanChequeViewController.xib in Resources */,
			);
			runOnlyForDeploymentPostprocessing = 0;
		};
		872B325F26A49DD600BD80B8 /* Resources */ = {
			isa = PBXResourcesBuildPhase;
			buildActionMask = 2147483647;
			files = (
			);
			runOnlyForDeploymentPostprocessing = 0;
		};
/* End PBXResourcesBuildPhase section */

/* Begin PBXSourcesBuildPhase section */
		872B325426A49DD600BD80B8 /* Sources */ = {
			isa = PBXSourcesBuildPhase;
			buildActionMask = 2147483647;
			files = (
				872B336B26A5472D00BD80B8 /* URLSessionProtocol.swift in Sources */,
				872B336326A5469600BD80B8 /* ServiceRequest.swift in Sources */,
				872B336126A5468600BD80B8 /* ServiceRequestMethod.swift in Sources */,
				872B333126A4A19000BD80B8 /* DepositError.swift in Sources */,
				872B336526A546DB00BD80B8 /* NetworkClientError.swift in Sources */,
				872B332C26A4A17900BD80B8 /* DepositTableViewCell.swift in Sources */,
				872B335F26A53B1500BD80B8 /* NetworkClient.swift in Sources */,
				872B335A26A4A4A600BD80B8 /* ChequImageView.swift in Sources */,
				872B334226A4A1E200BD80B8 /* DepositListsService.swift in Sources */,
				872B337926A558F900BD80B8 /* DepositCheuqueService.swift in Sources */,
				872B333726A4A1AD00BD80B8 /* ScanChequeViewController.swift in Sources */,
				872B333226A4A19000BD80B8 /* DepositModuleBuilder.swift in Sources */,
				872B332726A4A15100BD80B8 /* DepositsTotalCell.swift in Sources */,
				872B336926A5471C00BD80B8 /* URLRequest.swift in Sources */,
				872B33C126A5A0D000BD80B8 /* ChequeScannerVC.swift in Sources */,
				872B333C26A4A1CA00BD80B8 /* DepositListViewController.swift in Sources */,
				872B334126A4A1E200BD80B8 /* MockDepositList.swift in Sources */,
				872B333326A4A19000BD80B8 /* DepositModel.swift in Sources */,
				872B336726A546F100BD80B8 /* Environment.swift in Sources */,
				872B334926A4A1F200BD80B8 /* DepositsListViewModel.swift in Sources */,
				872B334826A4A1F200BD80B8 /* ScanChequeViewModel.swift in Sources */,
				872B334726A4A1F200BD80B8 /* DepositViewModel.swift in Sources */,
			);
			runOnlyForDeploymentPostprocessing = 0;
		};
		872B325D26A49DD600BD80B8 /* Sources */ = {
			isa = PBXSourcesBuildPhase;
			buildActionMask = 2147483647;
			files = (
				872B326726A49DD600BD80B8 /* DepositsTests.swift in Sources */,
			);
			runOnlyForDeploymentPostprocessing = 0;
		};
/* End PBXSourcesBuildPhase section */

/* Begin PBXTargetDependency section */
		872B326426A49DD600BD80B8 /* PBXTargetDependency */ = {
			isa = PBXTargetDependency;
			target = 872B325726A49DD600BD80B8 /* Deposits */;
			targetProxy = 872B326326A49DD600BD80B8 /* PBXContainerItemProxy */;
		};
/* End PBXTargetDependency section */

/* Begin XCBuildConfiguration section */
		872B326A26A49DD600BD80B8 /* Debug */ = {
			isa = XCBuildConfiguration;
			buildSettings = {
				ALWAYS_SEARCH_USER_PATHS = NO;
				CLANG_ANALYZER_NONNULL = YES;
				CLANG_ANALYZER_NUMBER_OBJECT_CONVERSION = YES_AGGRESSIVE;
				CLANG_CXX_LANGUAGE_STANDARD = "gnu++14";
				CLANG_CXX_LIBRARY = "libc++";
				CLANG_ENABLE_MODULES = YES;
				CLANG_ENABLE_OBJC_ARC = YES;
				CLANG_ENABLE_OBJC_WEAK = YES;
				CLANG_WARN_BLOCK_CAPTURE_AUTORELEASING = YES;
				CLANG_WARN_BOOL_CONVERSION = YES;
				CLANG_WARN_COMMA = YES;
				CLANG_WARN_CONSTANT_CONVERSION = YES;
				CLANG_WARN_DEPRECATED_OBJC_IMPLEMENTATIONS = YES;
				CLANG_WARN_DIRECT_OBJC_ISA_USAGE = YES_ERROR;
				CLANG_WARN_DOCUMENTATION_COMMENTS = YES;
				CLANG_WARN_EMPTY_BODY = YES;
				CLANG_WARN_ENUM_CONVERSION = YES;
				CLANG_WARN_INFINITE_RECURSION = YES;
				CLANG_WARN_INT_CONVERSION = YES;
				CLANG_WARN_NON_LITERAL_NULL_CONVERSION = YES;
				CLANG_WARN_OBJC_IMPLICIT_RETAIN_SELF = YES;
				CLANG_WARN_OBJC_LITERAL_CONVERSION = YES;
				CLANG_WARN_OBJC_ROOT_CLASS = YES_ERROR;
				CLANG_WARN_QUOTED_INCLUDE_IN_FRAMEWORK_HEADER = YES;
				CLANG_WARN_RANGE_LOOP_ANALYSIS = YES;
				CLANG_WARN_STRICT_PROTOTYPES = YES;
				CLANG_WARN_SUSPICIOUS_MOVE = YES;
				CLANG_WARN_UNGUARDED_AVAILABILITY = YES_AGGRESSIVE;
				CLANG_WARN_UNREACHABLE_CODE = YES;
				CLANG_WARN__DUPLICATE_METHOD_MATCH = YES;
				COPY_PHASE_STRIP = NO;
				CURRENT_PROJECT_VERSION = 1;
				DEBUG_INFORMATION_FORMAT = dwarf;
				ENABLE_STRICT_OBJC_MSGSEND = YES;
				ENABLE_TESTABILITY = YES;
				GCC_C_LANGUAGE_STANDARD = gnu11;
				GCC_DYNAMIC_NO_PIC = NO;
				GCC_NO_COMMON_BLOCKS = YES;
				GCC_OPTIMIZATION_LEVEL = 0;
				GCC_PREPROCESSOR_DEFINITIONS = (
					"DEBUG=1",
					"$(inherited)",
				);
				GCC_WARN_64_TO_32_BIT_CONVERSION = YES;
				GCC_WARN_ABOUT_RETURN_TYPE = YES_ERROR;
				GCC_WARN_UNDECLARED_SELECTOR = YES;
				GCC_WARN_UNINITIALIZED_AUTOS = YES_AGGRESSIVE;
				GCC_WARN_UNUSED_FUNCTION = YES;
				GCC_WARN_UNUSED_VARIABLE = YES;
				IPHONEOS_DEPLOYMENT_TARGET = 14.5;
				MTL_ENABLE_DEBUG_INFO = INCLUDE_SOURCE;
				MTL_FAST_MATH = YES;
				ONLY_ACTIVE_ARCH = YES;
				SDKROOT = iphoneos;
				SWIFT_ACTIVE_COMPILATION_CONDITIONS = DEBUG;
				SWIFT_OPTIMIZATION_LEVEL = "-Onone";
				VERSIONING_SYSTEM = "apple-generic";
				VERSION_INFO_PREFIX = "";
			};
			name = Debug;
		};
		872B326B26A49DD600BD80B8 /* Release */ = {
			isa = XCBuildConfiguration;
			buildSettings = {
				ALWAYS_SEARCH_USER_PATHS = NO;
				CLANG_ANALYZER_NONNULL = YES;
				CLANG_ANALYZER_NUMBER_OBJECT_CONVERSION = YES_AGGRESSIVE;
				CLANG_CXX_LANGUAGE_STANDARD = "gnu++14";
				CLANG_CXX_LIBRARY = "libc++";
				CLANG_ENABLE_MODULES = YES;
				CLANG_ENABLE_OBJC_ARC = YES;
				CLANG_ENABLE_OBJC_WEAK = YES;
				CLANG_WARN_BLOCK_CAPTURE_AUTORELEASING = YES;
				CLANG_WARN_BOOL_CONVERSION = YES;
				CLANG_WARN_COMMA = YES;
				CLANG_WARN_CONSTANT_CONVERSION = YES;
				CLANG_WARN_DEPRECATED_OBJC_IMPLEMENTATIONS = YES;
				CLANG_WARN_DIRECT_OBJC_ISA_USAGE = YES_ERROR;
				CLANG_WARN_DOCUMENTATION_COMMENTS = YES;
				CLANG_WARN_EMPTY_BODY = YES;
				CLANG_WARN_ENUM_CONVERSION = YES;
				CLANG_WARN_INFINITE_RECURSION = YES;
				CLANG_WARN_INT_CONVERSION = YES;
				CLANG_WARN_NON_LITERAL_NULL_CONVERSION = YES;
				CLANG_WARN_OBJC_IMPLICIT_RETAIN_SELF = YES;
				CLANG_WARN_OBJC_LITERAL_CONVERSION = YES;
				CLANG_WARN_OBJC_ROOT_CLASS = YES_ERROR;
				CLANG_WARN_QUOTED_INCLUDE_IN_FRAMEWORK_HEADER = YES;
				CLANG_WARN_RANGE_LOOP_ANALYSIS = YES;
				CLANG_WARN_STRICT_PROTOTYPES = YES;
				CLANG_WARN_SUSPICIOUS_MOVE = YES;
				CLANG_WARN_UNGUARDED_AVAILABILITY = YES_AGGRESSIVE;
				CLANG_WARN_UNREACHABLE_CODE = YES;
				CLANG_WARN__DUPLICATE_METHOD_MATCH = YES;
				COPY_PHASE_STRIP = NO;
				CURRENT_PROJECT_VERSION = 1;
				DEBUG_INFORMATION_FORMAT = "dwarf-with-dsym";
				ENABLE_NS_ASSERTIONS = NO;
				ENABLE_STRICT_OBJC_MSGSEND = YES;
				GCC_C_LANGUAGE_STANDARD = gnu11;
				GCC_NO_COMMON_BLOCKS = YES;
				GCC_WARN_64_TO_32_BIT_CONVERSION = YES;
				GCC_WARN_ABOUT_RETURN_TYPE = YES_ERROR;
				GCC_WARN_UNDECLARED_SELECTOR = YES;
				GCC_WARN_UNINITIALIZED_AUTOS = YES_AGGRESSIVE;
				GCC_WARN_UNUSED_FUNCTION = YES;
				GCC_WARN_UNUSED_VARIABLE = YES;
				IPHONEOS_DEPLOYMENT_TARGET = 14.5;
				MTL_ENABLE_DEBUG_INFO = NO;
				MTL_FAST_MATH = YES;
				SDKROOT = iphoneos;
				SWIFT_COMPILATION_MODE = wholemodule;
				SWIFT_OPTIMIZATION_LEVEL = "-O";
				VALIDATE_PRODUCT = YES;
				VERSIONING_SYSTEM = "apple-generic";
				VERSION_INFO_PREFIX = "";
			};
			name = Release;
		};
		872B326D26A49DD600BD80B8 /* Debug */ = {
			isa = XCBuildConfiguration;
			buildSettings = {
				CLANG_ENABLE_MODULES = YES;
				CODE_SIGN_STYLE = Automatic;
				DEFINES_MODULE = YES;
				DEVELOPMENT_TEAM = GK5XHW9J8B;
				DYLIB_COMPATIBILITY_VERSION = 1;
				DYLIB_CURRENT_VERSION = 1;
				DYLIB_INSTALL_NAME_BASE = "@rpath";
				INFOPLIST_FILE = Deposits/Info.plist;
				INSTALL_PATH = "$(LOCAL_LIBRARY_DIR)/Frameworks";
				LD_RUNPATH_SEARCH_PATHS = (
					"$(inherited)",
					"@executable_path/Frameworks",
					"@loader_path/Frameworks",
				);
				PRODUCT_BUNDLE_IDENTIFIER = info.sayoojkrishnan.Deposits;
				PRODUCT_NAME = "$(TARGET_NAME:c99extidentifier)";
				SKIP_INSTALL = YES;
				SWIFT_OPTIMIZATION_LEVEL = "-Onone";
				SWIFT_VERSION = 5.0;
				TARGETED_DEVICE_FAMILY = "1,2";
			};
			name = Debug;
		};
		872B326E26A49DD600BD80B8 /* Release */ = {
			isa = XCBuildConfiguration;
			buildSettings = {
				CLANG_ENABLE_MODULES = YES;
				CODE_SIGN_STYLE = Automatic;
				DEFINES_MODULE = YES;
				DEVELOPMENT_TEAM = GK5XHW9J8B;
				DYLIB_COMPATIBILITY_VERSION = 1;
				DYLIB_CURRENT_VERSION = 1;
				DYLIB_INSTALL_NAME_BASE = "@rpath";
				INFOPLIST_FILE = Deposits/Info.plist;
				INSTALL_PATH = "$(LOCAL_LIBRARY_DIR)/Frameworks";
				LD_RUNPATH_SEARCH_PATHS = (
					"$(inherited)",
					"@executable_path/Frameworks",
					"@loader_path/Frameworks",
				);
				PRODUCT_BUNDLE_IDENTIFIER = info.sayoojkrishnan.Deposits;
				PRODUCT_NAME = "$(TARGET_NAME:c99extidentifier)";
				SKIP_INSTALL = YES;
				SWIFT_VERSION = 5.0;
				TARGETED_DEVICE_FAMILY = "1,2";
			};
			name = Release;
		};
		872B327026A49DD600BD80B8 /* Debug */ = {
			isa = XCBuildConfiguration;
			buildSettings = {
				ALWAYS_EMBED_SWIFT_STANDARD_LIBRARIES = YES;
				CODE_SIGN_STYLE = Automatic;
				DEVELOPMENT_TEAM = GK5XHW9J8B;
				INFOPLIST_FILE = DepositsTests/Info.plist;
				LD_RUNPATH_SEARCH_PATHS = (
					"$(inherited)",
					"@executable_path/Frameworks",
					"@loader_path/Frameworks",
				);
				PRODUCT_BUNDLE_IDENTIFIER = info.sayoojkrishnan.DepositsTests;
				PRODUCT_NAME = "$(TARGET_NAME)";
				SWIFT_VERSION = 5.0;
				TARGETED_DEVICE_FAMILY = "1,2";
			};
			name = Debug;
		};
		872B327126A49DD600BD80B8 /* Release */ = {
			isa = XCBuildConfiguration;
			buildSettings = {
				ALWAYS_EMBED_SWIFT_STANDARD_LIBRARIES = YES;
				CODE_SIGN_STYLE = Automatic;
				DEVELOPMENT_TEAM = GK5XHW9J8B;
				INFOPLIST_FILE = DepositsTests/Info.plist;
				LD_RUNPATH_SEARCH_PATHS = (
					"$(inherited)",
					"@executable_path/Frameworks",
					"@loader_path/Frameworks",
				);
				PRODUCT_BUNDLE_IDENTIFIER = info.sayoojkrishnan.DepositsTests;
				PRODUCT_NAME = "$(TARGET_NAME)";
				SWIFT_VERSION = 5.0;
				TARGETED_DEVICE_FAMILY = "1,2";
			};
			name = Release;
		};
/* End XCBuildConfiguration section */

/* Begin XCConfigurationList section */
		872B325226A49DD600BD80B8 /* Build configuration list for PBXProject "Deposits" */ = {
			isa = XCConfigurationList;
			buildConfigurations = (
				872B326A26A49DD600BD80B8 /* Debug */,
				872B326B26A49DD600BD80B8 /* Release */,
			);
			defaultConfigurationIsVisible = 0;
			defaultConfigurationName = Release;
		};
		872B326C26A49DD600BD80B8 /* Build configuration list for PBXNativeTarget "Deposits" */ = {
			isa = XCConfigurationList;
			buildConfigurations = (
				872B326D26A49DD600BD80B8 /* Debug */,
				872B326E26A49DD600BD80B8 /* Release */,
			);
			defaultConfigurationIsVisible = 0;
			defaultConfigurationName = Release;
		};
		872B326F26A49DD600BD80B8 /* Build configuration list for PBXNativeTarget "DepositsTests" */ = {
			isa = XCConfigurationList;
			buildConfigurations = (
				872B327026A49DD600BD80B8 /* Debug */,
				872B327126A49DD600BD80B8 /* Release */,
			);
			defaultConfigurationIsVisible = 0;
			defaultConfigurationName = Release;
		};
/* End XCConfigurationList section */
	};
	rootObject = 872B324F26A49DD600BD80B8 /* Project object */;
}
